// !$*UTF8*$!
{
	archiveVersion = 1;
	classes = {
	};
	objectVersion = 46;
	objects = {

/* Begin PBXBuildFile section */
		303520621C88EB3500436351 /* MHAppKit.h in Headers */ = {isa = PBXBuildFile; fileRef = 303520611C88EB3500436351 /* MHAppKit.h */; settings = {ATTRIBUTES = (Public, ); }; };
		303520BB1C88EDCC00436351 /* MHAppKitTests.swift in Sources */ = {isa = PBXBuildFile; fileRef = 303520BA1C88EDCC00436351 /* MHAppKitTests.swift */; };
		303520BD1C88EDCC00436351 /* MHAppKit.framework in Frameworks */ = {isa = PBXBuildFile; fileRef = 3035205E1C88EB3500436351 /* MHAppKit.framework */; };
		303520F61C88EF2800436351 /* TextView.swift in Sources */ = {isa = PBXBuildFile; fileRef = 303520F11C88EF2800436351 /* TextView.swift */; };
		303520F71C88EF2800436351 /* TableViewCell.swift in Sources */ = {isa = PBXBuildFile; fileRef = 303520F21C88EF2800436351 /* TableViewCell.swift */; };
		303520F81C88EF2800436351 /* BadgeLabel.swift in Sources */ = {isa = PBXBuildFile; fileRef = 303520F31C88EF2800436351 /* BadgeLabel.swift */; };
		303520F91C88EF2800436351 /* Label.swift in Sources */ = {isa = PBXBuildFile; fileRef = 303520F41C88EF2800436351 /* Label.swift */; };
		303520FA1C88EF2800436351 /* ExtendedHitView.swift in Sources */ = {isa = PBXBuildFile; fileRef = 303520F51C88EF2800436351 /* ExtendedHitView.swift */; };
		3035210B1C88EF6A00436351 /* CollectionViewController.swift in Sources */ = {isa = PBXBuildFile; fileRef = 303520FC1C88EF6A00436351 /* CollectionViewController.swift */; };
		3035210C1C88EF6A00436351 /* DynamicTableViewController.swift in Sources */ = {isa = PBXBuildFile; fileRef = 303520FD1C88EF6A00436351 /* DynamicTableViewController.swift */; };
		3035210D1C88EF6A00436351 /* NavigationController.swift in Sources */ = {isa = PBXBuildFile; fileRef = 303520FE1C88EF6A00436351 /* NavigationController.swift */; };
		3035210E1C88EF6A00436351 /* PageViewController.swift in Sources */ = {isa = PBXBuildFile; fileRef = 303520FF1C88EF6A00436351 /* PageViewController.swift */; };
		3035210F1C88EF6A00436351 /* PickerViewController.swift in Sources */ = {isa = PBXBuildFile; fileRef = 303521001C88EF6A00436351 /* PickerViewController.swift */; };
		303521101C88EF6A00436351 /* PickerViewController.xib in Resources */ = {isa = PBXBuildFile; fileRef = 303521011C88EF6A00436351 /* PickerViewController.xib */; };
		303521111C88EF6A00436351 /* StaticTableViewController.swift in Sources */ = {isa = PBXBuildFile; fileRef = 303521021C88EF6A00436351 /* StaticTableViewController.swift */; };
		303521121C88EF6A00436351 /* ViewController.swift in Sources */ = {isa = PBXBuildFile; fileRef = 303521031C88EF6A00436351 /* ViewController.swift */; };
		303521131C88EF6A00436351 /* BlockAnimator.swift in Sources */ = {isa = PBXBuildFile; fileRef = 303521051C88EF6A00436351 /* BlockAnimator.swift */; };
		303521141C88EF6A00436351 /* UINavigationControllerPerspectiveAnimator.swift in Sources */ = {isa = PBXBuildFile; fileRef = 303521061C88EF6A00436351 /* UINavigationControllerPerspectiveAnimator.swift */; };
		303521151C88EF6A00436351 /* UIViewTransitionAnimator.swift in Sources */ = {isa = PBXBuildFile; fileRef = 303521071C88EF6A00436351 /* UIViewTransitionAnimator.swift */; };
		303521161C88EF6A00436351 /* UINavigationControllerReplaceAllSegue.swift in Sources */ = {isa = PBXBuildFile; fileRef = 303521091C88EF6A00436351 /* UINavigationControllerReplaceAllSegue.swift */; };
		303521171C88EF6A00436351 /* UINavigationControllerReplaceLastSegue.swift in Sources */ = {isa = PBXBuildFile; fileRef = 3035210A1C88EF6A00436351 /* UINavigationControllerReplaceLastSegue.swift */; };
		303521281C88F00D00436351 /* UIViewController+Container.swift in Sources */ = {isa = PBXBuildFile; fileRef = 3035211A1C88F00D00436351 /* UIViewController+Container.swift */; };
		303521291C88F00D00436351 /* UIViewController+Lookup.swift in Sources */ = {isa = PBXBuildFile; fileRef = 3035211B1C88F00D00436351 /* UIViewController+Lookup.swift */; };
		3035212A1C88F00D00436351 /* UIViewController+UIAlertController.swift in Sources */ = {isa = PBXBuildFile; fileRef = 3035211C1C88F00D00436351 /* UIViewController+UIAlertController.swift */; };
		3035212B1C88F00D00436351 /* UIViewController.swift in Sources */ = {isa = PBXBuildFile; fileRef = 3035211D1C88F00D00436351 /* UIViewController.swift */; };
		3035212C1C88F00D00436351 /* UINavigationController+Background.swift in Sources */ = {isa = PBXBuildFile; fileRef = 3035211F1C88F00D00436351 /* UINavigationController+Background.swift */; };
		3035212D1C88F00D00436351 /* UIWindow+Background.swift in Sources */ = {isa = PBXBuildFile; fileRef = 303521211C88F00D00436351 /* UIWindow+Background.swift */; };
		3035212E1C88F00D00436351 /* NSError+Presentation.swift in Sources */ = {isa = PBXBuildFile; fileRef = 303521231C88F00D00436351 /* NSError+Presentation.swift */; };
		303521301C88F00D00436351 /* UILabel.swift in Sources */ = {isa = PBXBuildFile; fileRef = 303521271C88F00D00436351 /* UILabel.swift */; };
		9912AA8D1D81E60D00DE25FC /* MHAppKitUITests.swift in Sources */ = {isa = PBXBuildFile; fileRef = 9912AA8C1D81E60D00DE25FC /* MHAppKitUITests.swift */; };
		9912AA971D81EB0500DE25FC /* MHAppKit.framework in Frameworks */ = {isa = PBXBuildFile; fileRef = 3035205E1C88EB3500436351 /* MHAppKit.framework */; };
		9912AA981D81EB0500DE25FC /* MHAppKit.framework in Embed Frameworks */ = {isa = PBXBuildFile; fileRef = 3035205E1C88EB3500436351 /* MHAppKit.framework */; settings = {ATTRIBUTES = (CodeSignOnCopy, RemoveHeadersOnCopy, ); }; };
		99387BD71DFAB7BB008F5FDB /* Timer+Closures.swift in Sources */ = {isa = PBXBuildFile; fileRef = 99387BD61DFAB7BB008F5FDB /* Timer+Closures.swift */; };
		99402A541D09609600412ED5 /* UIImage+Color.swift in Sources */ = {isa = PBXBuildFile; fileRef = 99402A531D09609600412ED5 /* UIImage+Color.swift */; };
		99402A681D0AE99300412ED5 /* UIColor+HEX.swift in Sources */ = {isa = PBXBuildFile; fileRef = 99402A671D0AE99300412ED5 /* UIColor+HEX.swift */; };
		99402A6A1D0AEA5700412ED5 /* UIColorTests.swift in Sources */ = {isa = PBXBuildFile; fileRef = 99402A691D0AEA5700412ED5 /* UIColorTests.swift */; };
		9989F82B1CF71F7300B4EDC5 /* XCTestExtensions.swift in Sources */ = {isa = PBXBuildFile; fileRef = 9989F82A1CF71F7300B4EDC5 /* XCTestExtensions.swift */; };
		99B3FAD11D9ABD8A00D96199 /* XCTestExtensions.swift in Sources */ = {isa = PBXBuildFile; fileRef = 9989F82A1CF71F7300B4EDC5 /* XCTestExtensions.swift */; };
		99B3FAD21D9ABE9100D96199 /* MFMailComposeViewController+CompletionHandler.swift in Sources */ = {isa = PBXBuildFile; fileRef = 99B0FCFE1CFDC6720028E56A /* MFMailComposeViewController+CompletionHandler.swift */; };
		99CDAC9F1CFC30750090960D /* UIControl+Action.swift in Sources */ = {isa = PBXBuildFile; fileRef = 99CDAC9E1CFC30750090960D /* UIControl+Action.swift */; };
		99CDAD4E1CFC68070090960D /* AppDelegate.swift in Sources */ = {isa = PBXBuildFile; fileRef = 99CDAD4D1CFC68070090960D /* AppDelegate.swift */; };
		99CDAD501CFC68070090960D /* ViewController.swift in Sources */ = {isa = PBXBuildFile; fileRef = 99CDAD4F1CFC68070090960D /* ViewController.swift */; };
		99CDAD531CFC68070090960D /* Main.storyboard in Resources */ = {isa = PBXBuildFile; fileRef = 99CDAD511CFC68070090960D /* Main.storyboard */; };
		99CDAD551CFC68070090960D /* Assets.xcassets in Resources */ = {isa = PBXBuildFile; fileRef = 99CDAD541CFC68070090960D /* Assets.xcassets */; };
		99CDAD581CFC68070090960D /* LaunchScreen.storyboard in Resources */ = {isa = PBXBuildFile; fileRef = 99CDAD561CFC68070090960D /* LaunchScreen.storyboard */; };
		99CDAD681CFC7C710090960D /* UIButton.swift in Sources */ = {isa = PBXBuildFile; fileRef = 99CDAD671CFC7C710090960D /* UIButton.swift */; };
		99CDAD6A1CFC7C810090960D /* UIBarButtonItem+Action.swift in Sources */ = {isa = PBXBuildFile; fileRef = 99CDAD691CFC7C810090960D /* UIBarButtonItem+Action.swift */; };
		99E247CB1CE749E5006726BA /* DynamicSizeTableSuplementaryView.swift in Sources */ = {isa = PBXBuildFile; fileRef = 99E247CA1CE749E5006726BA /* DynamicSizeTableSuplementaryView.swift */; };
		99E247CD1CE749F2006726BA /* DynamicSizeTableHeaderView.swift in Sources */ = {isa = PBXBuildFile; fileRef = 99E247CC1CE749F2006726BA /* DynamicSizeTableHeaderView.swift */; };
		99E247CF1CE749FD006726BA /* DynamicSizeTableFooterView.swift in Sources */ = {isa = PBXBuildFile; fileRef = 99E247CE1CE749FD006726BA /* DynamicSizeTableFooterView.swift */; };
		E60A581C21F262A1005E0032 /* Data+TemporaryFile.swift in Sources */ = {isa = PBXBuildFile; fileRef = E60A581B21F262A1005E0032 /* Data+TemporaryFile.swift */; };
		E60A581E21F2667B005E0032 /* UIImagePickerControllerMediaInfo+Properties.swift in Sources */ = {isa = PBXBuildFile; fileRef = E60A581D21F2667B005E0032 /* UIImagePickerControllerMediaInfo+Properties.swift */; };
		E60A582021F26699005E0032 /* UIImagePickerControllerMediaInfo+DataExport.swift in Sources */ = {isa = PBXBuildFile; fileRef = E60A581F21F26699005E0032 /* UIImagePickerControllerMediaInfo+DataExport.swift */; };
		E60E8D711FC37313009CE622 /* NibLoadable.swift in Sources */ = {isa = PBXBuildFile; fileRef = E60E8D701FC37313009CE622 /* NibLoadable.swift */; };
		E60E8D731FC373BB009CE622 /* TestNibView.swift in Sources */ = {isa = PBXBuildFile; fileRef = E60E8D721FC373BB009CE622 /* TestNibView.swift */; };
		E60E8D751FC373E4009CE622 /* TestNibView.xib in Resources */ = {isa = PBXBuildFile; fileRef = E60E8D741FC373E4009CE622 /* TestNibView.xib */; };
		E60E8D941FC42CA0009CE622 /* Button.swift in Sources */ = {isa = PBXBuildFile; fileRef = E60E8D931FC42C9F009CE622 /* Button.swift */; };
		E614429421EF6F49009570EE /* UITextView+ExclusionViews.swift in Sources */ = {isa = PBXBuildFile; fileRef = E614429321EF6F49009570EE /* UITextView+ExclusionViews.swift */; };
		E61442F221F08D54009570EE /* UIScrollView+ViewsAffectingInsets.swift in Sources */ = {isa = PBXBuildFile; fileRef = E61442F121F08D54009570EE /* UIScrollView+ViewsAffectingInsets.swift */; };
		E616A2A223A138D300C83ED7 /* HostDependantTests.swift in Sources */ = {isa = PBXBuildFile; fileRef = E616A2A123A138D300C83ED7 /* HostDependantTests.swift */; };
		E61C31551FC444FC00C43068 /* Collection+ConvenienceMutating.swift in Sources */ = {isa = PBXBuildFile; fileRef = E61C31541FC444FC00C43068 /* Collection+ConvenienceMutating.swift */; };
		E61C31571FC4474E00C43068 /* UITableView.swift in Sources */ = {isa = PBXBuildFile; fileRef = E61C31561FC4474E00C43068 /* UITableView.swift */; };
		E630CB7E2145C16B00386CBF /* UIScrollViewPagingController.swift in Sources */ = {isa = PBXBuildFile; fileRef = E630CB7D2145C16B00386CBF /* UIScrollViewPagingController.swift */; };
		E630CB802145C1B200386CBF /* StringProtocol+OptionalConcat.swift in Sources */ = {isa = PBXBuildFile; fileRef = E630CB7F2145C1B200386CBF /* StringProtocol+OptionalConcat.swift */; };
		E630CB832145C48000386CBF /* StringTests.swift in Sources */ = {isa = PBXBuildFile; fileRef = E630CB822145C48000386CBF /* StringTests.swift */; };
		E630CB852145C57A00386CBF /* CGSizeScalingTests.swift in Sources */ = {isa = PBXBuildFile; fileRef = E630CB842145C57A00386CBF /* CGSizeScalingTests.swift */; };
		E64C2C38230AC9FF007E3FBF /* UIScrollView+IBContentInsetAdjustment.swift in Sources */ = {isa = PBXBuildFile; fileRef = E64C2C37230AC9FF007E3FBF /* UIScrollView+IBContentInsetAdjustment.swift */; };
		E658BDB91FFF92E700D52AE8 /* CompositionOperation.swift in Sources */ = {isa = PBXBuildFile; fileRef = E658BDB81FFF92E700D52AE8 /* CompositionOperation.swift */; };
		E658BDC71FFFD57C00D52AE8 /* AsyncBlockOperation.swift in Sources */ = {isa = PBXBuildFile; fileRef = E658BDC61FFFD57C00D52AE8 /* AsyncBlockOperation.swift */; };
		E658FF001FCC262E007A8107 /* UIView+Snapshot.swift in Sources */ = {isa = PBXBuildFile; fileRef = E658FEFF1FCC262E007A8107 /* UIView+Snapshot.swift */; };
		E659206F20C7F15200774DA7 /* StringProtocol+Ranges.swift in Sources */ = {isa = PBXBuildFile; fileRef = E659206E20C7F15200774DA7 /* StringProtocol+Ranges.swift */; };
		E65AA39B21CBA72900E58856 /* OperationQueue+Completion.swift in Sources */ = {isa = PBXBuildFile; fileRef = E65AA39A21CBA72900E58856 /* OperationQueue+Completion.swift */; };
		E65AA39D21CBA8B500E58856 /* OperationQueueTests.swift in Sources */ = {isa = PBXBuildFile; fileRef = E65AA39C21CBA8B500E58856 /* OperationQueueTests.swift */; };
		E66FEC7F20595957003C8761 /* UISegmentedControl.swift in Sources */ = {isa = PBXBuildFile; fileRef = E66FEC7E20595957003C8761 /* UISegmentedControl.swift */; };
		E677AA2D23312D47004B2CFA /* UIViewController+ErrorAlert.swift in Sources */ = {isa = PBXBuildFile; fileRef = E677AA2C23312D47004B2CFA /* UIViewController+ErrorAlert.swift */; };
		E680314221A20A7F003D0159 /* String+NilEmpty.swift in Sources */ = {isa = PBXBuildFile; fileRef = E680314121A20A7F003D0159 /* String+NilEmpty.swift */; };
		E69113B620E4FCC600749F6B /* UIApplication+BackgroundTask.swift in Sources */ = {isa = PBXBuildFile; fileRef = E69113B520E4FCC600749F6B /* UIApplication+BackgroundTask.swift */; };
		E69113B820E4FD1200749F6B /* String+UUID.swift in Sources */ = {isa = PBXBuildFile; fileRef = E69113B720E4FD1200749F6B /* String+UUID.swift */; };
		E69113BB20E4FD4A00749F6B /* UNMutableNotificationContent+Factory.swift in Sources */ = {isa = PBXBuildFile; fileRef = E69113BA20E4FD4A00749F6B /* UNMutableNotificationContent+Factory.swift */; };
		E69113BD20E4FD7700749F6B /* UNNotificationRequest+Factory.swift in Sources */ = {isa = PBXBuildFile; fileRef = E69113BC20E4FD7700749F6B /* UNNotificationRequest+Factory.swift */; };
		E69113C020E4FDBB00749F6B /* CNMutablePostalAddress+CLPlacemark.swift in Sources */ = {isa = PBXBuildFile; fileRef = E69113BF20E4FDBB00749F6B /* CNMutablePostalAddress+CLPlacemark.swift */; };
		E691C37422367C1C004F93FD /* AsyncOperation.swift in Sources */ = {isa = PBXBuildFile; fileRef = E691C37322367C1C004F93FD /* AsyncOperation.swift */; };
		E694634A22143A470045DA5D /* CollectionTests.swift in Sources */ = {isa = PBXBuildFile; fileRef = E694634922143A470045DA5D /* CollectionTests.swift */; };
		E696BCC81F7C2E9700AF02DF /* UIView+Lookup.swift in Sources */ = {isa = PBXBuildFile; fileRef = E696BCC71F7C2E9700AF02DF /* UIView+Lookup.swift */; };
		E696BCCA1F7C2EA800AF02DF /* UIView+Inspectable.swift in Sources */ = {isa = PBXBuildFile; fileRef = E696BCC91F7C2EA800AF02DF /* UIView+Inspectable.swift */; };
		E696BCCC1F7C2F9A00AF02DF /* UIVIew+Chaining.swift in Sources */ = {isa = PBXBuildFile; fileRef = E696BCCB1F7C2F9A00AF02DF /* UIVIew+Chaining.swift */; };
		E69CE96421CB95720029D199 /* OperationQueue+ConvenienceInit.swift in Sources */ = {isa = PBXBuildFile; fileRef = E69CE96321CB95720029D199 /* OperationQueue+ConvenienceInit.swift */; };
		E69DCE0020AC62E7003DDD91 /* TableViewHeaderFooterView.swift in Sources */ = {isa = PBXBuildFile; fileRef = E69DCDFF20AC62E7003DDD91 /* TableViewHeaderFooterView.swift */; };
		E6A094C420360A4A0066214E /* CGSize+Scale.swift in Sources */ = {isa = PBXBuildFile; fileRef = E6A094C320360A4A0066214E /* CGSize+Scale.swift */; };
		E6A88ADF235889D7001550CE /* TableView.swift in Sources */ = {isa = PBXBuildFile; fileRef = E6A88ADE235889D7001550CE /* TableView.swift */; };
		E6AE7EEC2563DCC000FAD912 /* OptionalType.swift in Sources */ = {isa = PBXBuildFile; fileRef = E6AE7EEB2563DCC000FAD912 /* OptionalType.swift */; };
		E6AE7EF42563DCDC00FAD912 /* OptionalTypeVerifiable.swift in Sources */ = {isa = PBXBuildFile; fileRef = E6AE7EF32563DCDC00FAD912 /* OptionalTypeVerifiable.swift */; };
		E6AE7EF92563DD1200FAD912 /* OptionalTests.swift in Sources */ = {isa = PBXBuildFile; fileRef = E6AE7EF82563DD1200FAD912 /* OptionalTests.swift */; };
		E6AE7F0D2563E30F00FAD912 /* UserDefaults+Observer.swift in Sources */ = {isa = PBXBuildFile; fileRef = E6AE7F0C2563E30F00FAD912 /* UserDefaults+Observer.swift */; };
		E6AE7F122563E65500FAD912 /* UserDefaultsTests.swift in Sources */ = {isa = PBXBuildFile; fileRef = E6AE7F112563E65500FAD912 /* UserDefaultsTests.swift */; };
		E6AE7F1F2563ECA200FAD912 /* UserDefaultsStored.swift in Sources */ = {isa = PBXBuildFile; fileRef = E6AE7F1E2563ECA200FAD912 /* UserDefaultsStored.swift */; };
		E6AE7F2425640E8300FAD912 /* Referenced.swift in Sources */ = {isa = PBXBuildFile; fileRef = E6AE7F2325640E8300FAD912 /* Referenced.swift */; };
		E6AE7F292564111B00FAD912 /* Result+Getters.swift in Sources */ = {isa = PBXBuildFile; fileRef = E6AE7F282564111B00FAD912 /* Result+Getters.swift */; };
		E6AE7F302564129E00FAD912 /* UIApplication+OpenSettings.swift in Sources */ = {isa = PBXBuildFile; fileRef = E6AE7F2F2564129E00FAD912 /* UIApplication+OpenSettings.swift */; };
		E6AE7F382564138900FAD912 /* Dictionary+KeysSubscript.swift in Sources */ = {isa = PBXBuildFile; fileRef = E6AE7F372564138900FAD912 /* Dictionary+KeysSubscript.swift */; };
		E6AE7F3D256414B500FAD912 /* Array+CompactMap.swift in Sources */ = {isa = PBXBuildFile; fileRef = E6AE7F3C256414B500FAD912 /* Array+CompactMap.swift */; };
		E6AE7F42256417E100FAD912 /* Date+AdjustingDST.swift in Sources */ = {isa = PBXBuildFile; fileRef = E6AE7F41256417E100FAD912 /* Date+AdjustingDST.swift */; };
		E6AE7F7325641E1D00FAD912 /* Array+SplitByCount.swift in Sources */ = {isa = PBXBuildFile; fileRef = E6AE7F7225641E1D00FAD912 /* Array+SplitByCount.swift */; };
		E6B83B1223014E5400D8C14F /* UIImage+Tint.swift in Sources */ = {isa = PBXBuildFile; fileRef = E6B83B1123014E5400D8C14F /* UIImage+Tint.swift */; };
		E6D1EE4420035C3E00B9B300 /* OperationsTests.swift in Sources */ = {isa = PBXBuildFile; fileRef = E6D1EE4320035C3E00B9B300 /* OperationsTests.swift */; };
		E6D1EE462003F55400B9B300 /* RefreshStaticTableViewController.swift in Sources */ = {isa = PBXBuildFile; fileRef = E6D1EE452003F55400B9B300 /* RefreshStaticTableViewController.swift */; };
		E6DA2063222922CE00DB24FA /* UINavigationBar+SeparatorHiding.swift in Sources */ = {isa = PBXBuildFile; fileRef = E6DA2062222922CE00DB24FA /* UINavigationBar+SeparatorHiding.swift */; };
		E6DC21191EFBEDDE008D182A /* ShowHideAnimator.swift in Sources */ = {isa = PBXBuildFile; fileRef = E6DC21181EFBEDDE008D182A /* ShowHideAnimator.swift */; };
		E6E382932019E15300039892 /* UIResponder.swift in Sources */ = {isa = PBXBuildFile; fileRef = E6E382922019E15300039892 /* UIResponder.swift */; };
		E6E71BF31F0A7CDA000980C5 /* MHAppKit.swift in Sources */ = {isa = PBXBuildFile; fileRef = E6E71BF21F0A7CDA000980C5 /* MHAppKit.swift */; };
		E6E71BF51F0A7D52000980C5 /* UIImage+Data.swift in Sources */ = {isa = PBXBuildFile; fileRef = E6E71BF41F0A7D52000980C5 /* UIImage+Data.swift */; };
		E6E71C031F0A8B02000980C5 /* CLLocation+CGImagePropertyGPS.swift in Sources */ = {isa = PBXBuildFile; fileRef = E6E71C021F0A8B02000980C5 /* CLLocation+CGImagePropertyGPS.swift */; };
		E6E71C061F0A8EA6000980C5 /* PHAsset+Metadata.swift in Sources */ = {isa = PBXBuildFile; fileRef = E6E71C051F0A8EA6000980C5 /* PHAsset+Metadata.swift */; };
		E6E71C0B1F0A9658000980C5 /* PHPhotoLibrary+Save.swift in Sources */ = {isa = PBXBuildFile; fileRef = E6E71C0A1F0A9658000980C5 /* PHPhotoLibrary+Save.swift */; };
		E6E83BBD212441B00062CB99 /* DatePickerViewController.swift in Sources */ = {isa = PBXBuildFile; fileRef = E6E83BBC212441B00062CB99 /* DatePickerViewController.swift */; };
		E6E83BBF212441BC0062CB99 /* DatePickerViewController.xib in Resources */ = {isa = PBXBuildFile; fileRef = E6E83BBE212441BC0062CB99 /* DatePickerViewController.xib */; };
		E6E87610221A9AE00016F53D /* UserDefaults+Date.swift in Sources */ = {isa = PBXBuildFile; fileRef = E6E8760F221A9AE00016F53D /* UserDefaults+Date.swift */; };
		E6F03EDC23042BAD0064D0F4 /* PassthroughView.swift in Sources */ = {isa = PBXBuildFile; fileRef = E6F03EDB23042BAD0064D0F4 /* PassthroughView.swift */; };
		E6F471AB1FDE73970052031A /* SFSafariViewController+URLSupport.swift in Sources */ = {isa = PBXBuildFile; fileRef = E6F471AA1FDE73970052031A /* SFSafariViewController+URLSupport.swift */; };
		E6FE9F3A1F2622180094CC5B /* TimeInterval+TimeConvertion.swift in Sources */ = {isa = PBXBuildFile; fileRef = E6FE9F391F2622180094CC5B /* TimeInterval+TimeConvertion.swift */; };
		E6FE9F3D1F2622500094CC5B /* Date+Formatting.swift in Sources */ = {isa = PBXBuildFile; fileRef = E6FE9F3C1F2622500094CC5B /* Date+Formatting.swift */; };
		E6FE9F3F1F26225A0094CC5B /* Date+Components.swift in Sources */ = {isa = PBXBuildFile; fileRef = E6FE9F3E1F26225A0094CC5B /* Date+Components.swift */; };
		E6FE9F411F2622C30094CC5B /* DateTests.swift in Sources */ = {isa = PBXBuildFile; fileRef = E6FE9F401F2622C30094CC5B /* DateTests.swift */; };
		E6FE9F7E1F274FB30094CC5B /* UIControlGroup.swift in Sources */ = {isa = PBXBuildFile; fileRef = E6FE9F7D1F274FB30094CC5B /* UIControlGroup.swift */; };
		E6FE9F861F276EF40094CC5B /* UIControlGroupTests.swift in Sources */ = {isa = PBXBuildFile; fileRef = E6FE9F851F276EF40094CC5B /* UIControlGroupTests.swift */; };
/* End PBXBuildFile section */

/* Begin PBXContainerItemProxy section */
		303520BE1C88EDCC00436351 /* PBXContainerItemProxy */ = {
			isa = PBXContainerItemProxy;
			containerPortal = 303520551C88EB3500436351 /* Project object */;
			proxyType = 1;
			remoteGlobalIDString = 3035205D1C88EB3500436351;
			remoteInfo = MHAppKit;
		};
		9912AA8F1D81E60D00DE25FC /* PBXContainerItemProxy */ = {
			isa = PBXContainerItemProxy;
			containerPortal = 303520551C88EB3500436351 /* Project object */;
			proxyType = 1;
			remoteGlobalIDString = 99CDAD4A1CFC68070090960D;
			remoteInfo = MHAppKitTestsHost;
		};
		9912AA941D81E97900DE25FC /* PBXContainerItemProxy */ = {
			isa = PBXContainerItemProxy;
			containerPortal = 303520551C88EB3500436351 /* Project object */;
			proxyType = 1;
			remoteGlobalIDString = 3035205D1C88EB3500436351;
			remoteInfo = MHAppKit;
		};
		99CDAD5D1CFC68180090960D /* PBXContainerItemProxy */ = {
			isa = PBXContainerItemProxy;
			containerPortal = 303520551C88EB3500436351 /* Project object */;
			proxyType = 1;
			remoteGlobalIDString = 99CDAD4A1CFC68070090960D;
			remoteInfo = MHAppKitTestsHost;
		};
/* End PBXContainerItemProxy section */

/* Begin PBXCopyFilesBuildPhase section */
		9912AA991D81EB0500DE25FC /* Embed Frameworks */ = {
			isa = PBXCopyFilesBuildPhase;
			buildActionMask = 2147483647;
			dstPath = "";
			dstSubfolderSpec = 10;
			files = (
				9912AA981D81EB0500DE25FC /* MHAppKit.framework in Embed Frameworks */,
			);
			name = "Embed Frameworks";
			runOnlyForDeploymentPostprocessing = 0;
		};
/* End PBXCopyFilesBuildPhase section */

/* Begin PBXFileReference section */
		3035205E1C88EB3500436351 /* MHAppKit.framework */ = {isa = PBXFileReference; explicitFileType = wrapper.framework; includeInIndex = 0; path = MHAppKit.framework; sourceTree = BUILT_PRODUCTS_DIR; };
		303520611C88EB3500436351 /* MHAppKit.h */ = {isa = PBXFileReference; lastKnownFileType = sourcecode.c.h; path = MHAppKit.h; sourceTree = "<group>"; };
		303520631C88EB3500436351 /* Info.plist */ = {isa = PBXFileReference; lastKnownFileType = text.plist.xml; path = Info.plist; sourceTree = "<group>"; };
		303520A91C88ED4C00436351 /* README.md */ = {isa = PBXFileReference; fileEncoding = 4; lastKnownFileType = net.daringfireball.markdown; path = README.md; sourceTree = "<group>"; };
		303520B81C88EDCC00436351 /* MHAppKitTests.xctest */ = {isa = PBXFileReference; explicitFileType = wrapper.cfbundle; includeInIndex = 0; path = MHAppKitTests.xctest; sourceTree = BUILT_PRODUCTS_DIR; };
		303520BA1C88EDCC00436351 /* MHAppKitTests.swift */ = {isa = PBXFileReference; lastKnownFileType = sourcecode.swift; path = MHAppKitTests.swift; sourceTree = "<group>"; };
		303520BC1C88EDCC00436351 /* Info.plist */ = {isa = PBXFileReference; lastKnownFileType = text.plist.xml; path = Info.plist; sourceTree = "<group>"; };
		303520F11C88EF2800436351 /* TextView.swift */ = {isa = PBXFileReference; fileEncoding = 4; lastKnownFileType = sourcecode.swift; path = TextView.swift; sourceTree = "<group>"; };
		303520F21C88EF2800436351 /* TableViewCell.swift */ = {isa = PBXFileReference; fileEncoding = 4; lastKnownFileType = sourcecode.swift; path = TableViewCell.swift; sourceTree = "<group>"; };
		303520F31C88EF2800436351 /* BadgeLabel.swift */ = {isa = PBXFileReference; fileEncoding = 4; lastKnownFileType = sourcecode.swift; path = BadgeLabel.swift; sourceTree = "<group>"; };
		303520F41C88EF2800436351 /* Label.swift */ = {isa = PBXFileReference; fileEncoding = 4; lastKnownFileType = sourcecode.swift; path = Label.swift; sourceTree = "<group>"; };
		303520F51C88EF2800436351 /* ExtendedHitView.swift */ = {isa = PBXFileReference; fileEncoding = 4; lastKnownFileType = sourcecode.swift; path = ExtendedHitView.swift; sourceTree = "<group>"; };
		303520FC1C88EF6A00436351 /* CollectionViewController.swift */ = {isa = PBXFileReference; fileEncoding = 4; lastKnownFileType = sourcecode.swift; path = CollectionViewController.swift; sourceTree = "<group>"; };
		303520FD1C88EF6A00436351 /* DynamicTableViewController.swift */ = {isa = PBXFileReference; fileEncoding = 4; lastKnownFileType = sourcecode.swift; path = DynamicTableViewController.swift; sourceTree = "<group>"; };
		303520FE1C88EF6A00436351 /* NavigationController.swift */ = {isa = PBXFileReference; fileEncoding = 4; lastKnownFileType = sourcecode.swift; path = NavigationController.swift; sourceTree = "<group>"; };
		303520FF1C88EF6A00436351 /* PageViewController.swift */ = {isa = PBXFileReference; fileEncoding = 4; lastKnownFileType = sourcecode.swift; path = PageViewController.swift; sourceTree = "<group>"; };
		303521001C88EF6A00436351 /* PickerViewController.swift */ = {isa = PBXFileReference; fileEncoding = 4; lastKnownFileType = sourcecode.swift; path = PickerViewController.swift; sourceTree = "<group>"; };
		303521011C88EF6A00436351 /* PickerViewController.xib */ = {isa = PBXFileReference; fileEncoding = 4; lastKnownFileType = file.xib; path = PickerViewController.xib; sourceTree = "<group>"; };
		303521021C88EF6A00436351 /* StaticTableViewController.swift */ = {isa = PBXFileReference; fileEncoding = 4; lastKnownFileType = sourcecode.swift; path = StaticTableViewController.swift; sourceTree = "<group>"; };
		303521031C88EF6A00436351 /* ViewController.swift */ = {isa = PBXFileReference; fileEncoding = 4; lastKnownFileType = sourcecode.swift; path = ViewController.swift; sourceTree = "<group>"; };
		303521051C88EF6A00436351 /* BlockAnimator.swift */ = {isa = PBXFileReference; fileEncoding = 4; lastKnownFileType = sourcecode.swift; path = BlockAnimator.swift; sourceTree = "<group>"; };
		303521061C88EF6A00436351 /* UINavigationControllerPerspectiveAnimator.swift */ = {isa = PBXFileReference; fileEncoding = 4; lastKnownFileType = sourcecode.swift; path = UINavigationControllerPerspectiveAnimator.swift; sourceTree = "<group>"; };
		303521071C88EF6A00436351 /* UIViewTransitionAnimator.swift */ = {isa = PBXFileReference; fileEncoding = 4; lastKnownFileType = sourcecode.swift; path = UIViewTransitionAnimator.swift; sourceTree = "<group>"; };
		303521091C88EF6A00436351 /* UINavigationControllerReplaceAllSegue.swift */ = {isa = PBXFileReference; fileEncoding = 4; lastKnownFileType = sourcecode.swift; path = UINavigationControllerReplaceAllSegue.swift; sourceTree = "<group>"; };
		3035210A1C88EF6A00436351 /* UINavigationControllerReplaceLastSegue.swift */ = {isa = PBXFileReference; fileEncoding = 4; lastKnownFileType = sourcecode.swift; path = UINavigationControllerReplaceLastSegue.swift; sourceTree = "<group>"; };
		3035211A1C88F00D00436351 /* UIViewController+Container.swift */ = {isa = PBXFileReference; fileEncoding = 4; lastKnownFileType = sourcecode.swift; path = "UIViewController+Container.swift"; sourceTree = "<group>"; };
		3035211B1C88F00D00436351 /* UIViewController+Lookup.swift */ = {isa = PBXFileReference; fileEncoding = 4; lastKnownFileType = sourcecode.swift; path = "UIViewController+Lookup.swift"; sourceTree = "<group>"; };
		3035211C1C88F00D00436351 /* UIViewController+UIAlertController.swift */ = {isa = PBXFileReference; fileEncoding = 4; lastKnownFileType = sourcecode.swift; path = "UIViewController+UIAlertController.swift"; sourceTree = "<group>"; };
		3035211D1C88F00D00436351 /* UIViewController.swift */ = {isa = PBXFileReference; fileEncoding = 4; lastKnownFileType = sourcecode.swift; path = UIViewController.swift; sourceTree = "<group>"; };
		3035211F1C88F00D00436351 /* UINavigationController+Background.swift */ = {isa = PBXFileReference; fileEncoding = 4; lastKnownFileType = sourcecode.swift; path = "UINavigationController+Background.swift"; sourceTree = "<group>"; };
		303521211C88F00D00436351 /* UIWindow+Background.swift */ = {isa = PBXFileReference; fileEncoding = 4; lastKnownFileType = sourcecode.swift; path = "UIWindow+Background.swift"; sourceTree = "<group>"; };
		303521231C88F00D00436351 /* NSError+Presentation.swift */ = {isa = PBXFileReference; fileEncoding = 4; lastKnownFileType = sourcecode.swift; path = "NSError+Presentation.swift"; sourceTree = "<group>"; };
		303521271C88F00D00436351 /* UILabel.swift */ = {isa = PBXFileReference; fileEncoding = 4; lastKnownFileType = sourcecode.swift; path = UILabel.swift; sourceTree = "<group>"; };
		9912AA8A1D81E60D00DE25FC /* MHAppKitUITests.xctest */ = {isa = PBXFileReference; explicitFileType = wrapper.cfbundle; includeInIndex = 0; path = MHAppKitUITests.xctest; sourceTree = BUILT_PRODUCTS_DIR; };
		9912AA8C1D81E60D00DE25FC /* MHAppKitUITests.swift */ = {isa = PBXFileReference; lastKnownFileType = sourcecode.swift; path = MHAppKitUITests.swift; sourceTree = "<group>"; };
		9912AA8E1D81E60D00DE25FC /* Info.plist */ = {isa = PBXFileReference; lastKnownFileType = text.plist.xml; path = Info.plist; sourceTree = "<group>"; };
		99387BD61DFAB7BB008F5FDB /* Timer+Closures.swift */ = {isa = PBXFileReference; fileEncoding = 4; lastKnownFileType = sourcecode.swift; path = "Timer+Closures.swift"; sourceTree = "<group>"; };
		99402A531D09609600412ED5 /* UIImage+Color.swift */ = {isa = PBXFileReference; fileEncoding = 4; lastKnownFileType = sourcecode.swift; path = "UIImage+Color.swift"; sourceTree = "<group>"; };
		99402A671D0AE99300412ED5 /* UIColor+HEX.swift */ = {isa = PBXFileReference; fileEncoding = 4; lastKnownFileType = sourcecode.swift; path = "UIColor+HEX.swift"; sourceTree = "<group>"; };
		99402A691D0AEA5700412ED5 /* UIColorTests.swift */ = {isa = PBXFileReference; fileEncoding = 4; lastKnownFileType = sourcecode.swift; path = UIColorTests.swift; sourceTree = "<group>"; };
		9961811A1D9ABC7400ED1072 /* MessageUI.framework */ = {isa = PBXFileReference; lastKnownFileType = wrapper.framework; name = MessageUI.framework; path = System/Library/Frameworks/MessageUI.framework; sourceTree = SDKROOT; };
		9989F82A1CF71F7300B4EDC5 /* XCTestExtensions.swift */ = {isa = PBXFileReference; fileEncoding = 4; lastKnownFileType = sourcecode.swift; path = XCTestExtensions.swift; sourceTree = "<group>"; };
		99B0FCFE1CFDC6720028E56A /* MFMailComposeViewController+CompletionHandler.swift */ = {isa = PBXFileReference; fileEncoding = 4; lastKnownFileType = sourcecode.swift; path = "MFMailComposeViewController+CompletionHandler.swift"; sourceTree = "<group>"; };
		99CDAC9E1CFC30750090960D /* UIControl+Action.swift */ = {isa = PBXFileReference; fileEncoding = 4; lastKnownFileType = sourcecode.swift; path = "UIControl+Action.swift"; sourceTree = "<group>"; };
		99CDAD4B1CFC68070090960D /* MHAppKitTestsHost.app */ = {isa = PBXFileReference; explicitFileType = wrapper.application; includeInIndex = 0; path = MHAppKitTestsHost.app; sourceTree = BUILT_PRODUCTS_DIR; };
		99CDAD4D1CFC68070090960D /* AppDelegate.swift */ = {isa = PBXFileReference; lastKnownFileType = sourcecode.swift; path = AppDelegate.swift; sourceTree = "<group>"; };
		99CDAD4F1CFC68070090960D /* ViewController.swift */ = {isa = PBXFileReference; lastKnownFileType = sourcecode.swift; path = ViewController.swift; sourceTree = "<group>"; };
		99CDAD521CFC68070090960D /* Base */ = {isa = PBXFileReference; lastKnownFileType = file.storyboard; name = Base; path = Base.lproj/Main.storyboard; sourceTree = "<group>"; };
		99CDAD541CFC68070090960D /* Assets.xcassets */ = {isa = PBXFileReference; lastKnownFileType = folder.assetcatalog; path = Assets.xcassets; sourceTree = "<group>"; };
		99CDAD571CFC68070090960D /* Base */ = {isa = PBXFileReference; lastKnownFileType = file.storyboard; name = Base; path = Base.lproj/LaunchScreen.storyboard; sourceTree = "<group>"; };
		99CDAD591CFC68070090960D /* Info.plist */ = {isa = PBXFileReference; lastKnownFileType = text.plist.xml; path = Info.plist; sourceTree = "<group>"; };
		99CDAD671CFC7C710090960D /* UIButton.swift */ = {isa = PBXFileReference; fileEncoding = 4; lastKnownFileType = sourcecode.swift; path = UIButton.swift; sourceTree = "<group>"; };
		99CDAD691CFC7C810090960D /* UIBarButtonItem+Action.swift */ = {isa = PBXFileReference; fileEncoding = 4; lastKnownFileType = sourcecode.swift; path = "UIBarButtonItem+Action.swift"; sourceTree = "<group>"; };
		99E247CA1CE749E5006726BA /* DynamicSizeTableSuplementaryView.swift */ = {isa = PBXFileReference; fileEncoding = 4; lastKnownFileType = sourcecode.swift; path = DynamicSizeTableSuplementaryView.swift; sourceTree = "<group>"; };
		99E247CC1CE749F2006726BA /* DynamicSizeTableHeaderView.swift */ = {isa = PBXFileReference; fileEncoding = 4; lastKnownFileType = sourcecode.swift; path = DynamicSizeTableHeaderView.swift; sourceTree = "<group>"; };
		99E247CE1CE749FD006726BA /* DynamicSizeTableFooterView.swift */ = {isa = PBXFileReference; fileEncoding = 4; lastKnownFileType = sourcecode.swift; path = DynamicSizeTableFooterView.swift; sourceTree = "<group>"; };
		E60A581B21F262A1005E0032 /* Data+TemporaryFile.swift */ = {isa = PBXFileReference; lastKnownFileType = sourcecode.swift; path = "Data+TemporaryFile.swift"; sourceTree = "<group>"; };
		E60A581D21F2667B005E0032 /* UIImagePickerControllerMediaInfo+Properties.swift */ = {isa = PBXFileReference; lastKnownFileType = sourcecode.swift; path = "UIImagePickerControllerMediaInfo+Properties.swift"; sourceTree = "<group>"; };
		E60A581F21F26699005E0032 /* UIImagePickerControllerMediaInfo+DataExport.swift */ = {isa = PBXFileReference; lastKnownFileType = sourcecode.swift; path = "UIImagePickerControllerMediaInfo+DataExport.swift"; sourceTree = "<group>"; };
		E60E8D701FC37313009CE622 /* NibLoadable.swift */ = {isa = PBXFileReference; lastKnownFileType = sourcecode.swift; path = NibLoadable.swift; sourceTree = "<group>"; };
		E60E8D721FC373BB009CE622 /* TestNibView.swift */ = {isa = PBXFileReference; lastKnownFileType = sourcecode.swift; path = TestNibView.swift; sourceTree = "<group>"; };
		E60E8D741FC373E4009CE622 /* TestNibView.xib */ = {isa = PBXFileReference; lastKnownFileType = file.xib; path = TestNibView.xib; sourceTree = "<group>"; };
		E60E8D931FC42C9F009CE622 /* Button.swift */ = {isa = PBXFileReference; fileEncoding = 4; lastKnownFileType = sourcecode.swift; path = Button.swift; sourceTree = "<group>"; };
		E614429321EF6F49009570EE /* UITextView+ExclusionViews.swift */ = {isa = PBXFileReference; lastKnownFileType = sourcecode.swift; path = "UITextView+ExclusionViews.swift"; sourceTree = "<group>"; };
		E61442F121F08D54009570EE /* UIScrollView+ViewsAffectingInsets.swift */ = {isa = PBXFileReference; lastKnownFileType = sourcecode.swift; path = "UIScrollView+ViewsAffectingInsets.swift"; sourceTree = "<group>"; };
		E616A2A123A138D300C83ED7 /* HostDependantTests.swift */ = {isa = PBXFileReference; lastKnownFileType = sourcecode.swift; path = HostDependantTests.swift; sourceTree = "<group>"; };
		E61C31541FC444FC00C43068 /* Collection+ConvenienceMutating.swift */ = {isa = PBXFileReference; lastKnownFileType = sourcecode.swift; path = "Collection+ConvenienceMutating.swift"; sourceTree = "<group>"; };
		E61C31561FC4474E00C43068 /* UITableView.swift */ = {isa = PBXFileReference; lastKnownFileType = sourcecode.swift; path = UITableView.swift; sourceTree = "<group>"; };
		E630CB7D2145C16B00386CBF /* UIScrollViewPagingController.swift */ = {isa = PBXFileReference; lastKnownFileType = sourcecode.swift; path = UIScrollViewPagingController.swift; sourceTree = "<group>"; };
		E630CB7F2145C1B200386CBF /* StringProtocol+OptionalConcat.swift */ = {isa = PBXFileReference; lastKnownFileType = sourcecode.swift; path = "StringProtocol+OptionalConcat.swift"; sourceTree = "<group>"; };
		E630CB822145C48000386CBF /* StringTests.swift */ = {isa = PBXFileReference; lastKnownFileType = sourcecode.swift; path = StringTests.swift; sourceTree = "<group>"; };
		E630CB842145C57A00386CBF /* CGSizeScalingTests.swift */ = {isa = PBXFileReference; lastKnownFileType = sourcecode.swift; path = CGSizeScalingTests.swift; sourceTree = "<group>"; };
		E648E8F7217A2B1F00FC15BA /* LICENSE */ = {isa = PBXFileReference; lastKnownFileType = text; path = LICENSE; sourceTree = "<group>"; };
		E64C2C37230AC9FF007E3FBF /* UIScrollView+IBContentInsetAdjustment.swift */ = {isa = PBXFileReference; lastKnownFileType = sourcecode.swift; path = "UIScrollView+IBContentInsetAdjustment.swift"; sourceTree = "<group>"; };
		E658BDB81FFF92E700D52AE8 /* CompositionOperation.swift */ = {isa = PBXFileReference; lastKnownFileType = sourcecode.swift; path = CompositionOperation.swift; sourceTree = "<group>"; };
		E658BDC61FFFD57C00D52AE8 /* AsyncBlockOperation.swift */ = {isa = PBXFileReference; lastKnownFileType = sourcecode.swift; path = AsyncBlockOperation.swift; sourceTree = "<group>"; };
		E658FEFF1FCC262E007A8107 /* UIView+Snapshot.swift */ = {isa = PBXFileReference; lastKnownFileType = sourcecode.swift; path = "UIView+Snapshot.swift"; sourceTree = "<group>"; };
		E659206E20C7F15200774DA7 /* StringProtocol+Ranges.swift */ = {isa = PBXFileReference; lastKnownFileType = sourcecode.swift; path = "StringProtocol+Ranges.swift"; sourceTree = "<group>"; };
		E65AA39A21CBA72900E58856 /* OperationQueue+Completion.swift */ = {isa = PBXFileReference; lastKnownFileType = sourcecode.swift; path = "OperationQueue+Completion.swift"; sourceTree = "<group>"; };
		E65AA39C21CBA8B500E58856 /* OperationQueueTests.swift */ = {isa = PBXFileReference; lastKnownFileType = sourcecode.swift; path = OperationQueueTests.swift; sourceTree = "<group>"; };
		E65CF54023A0E3B6003DB0AB /* Package.swift */ = {isa = PBXFileReference; lastKnownFileType = sourcecode.swift; path = Package.swift; sourceTree = "<group>"; };
		E66FEC7E20595957003C8761 /* UISegmentedControl.swift */ = {isa = PBXFileReference; lastKnownFileType = sourcecode.swift; path = UISegmentedControl.swift; sourceTree = "<group>"; };
		E677AA2C23312D47004B2CFA /* UIViewController+ErrorAlert.swift */ = {isa = PBXFileReference; lastKnownFileType = sourcecode.swift; path = "UIViewController+ErrorAlert.swift"; sourceTree = "<group>"; };
		E680314121A20A7F003D0159 /* String+NilEmpty.swift */ = {isa = PBXFileReference; lastKnownFileType = sourcecode.swift; path = "String+NilEmpty.swift"; sourceTree = "<group>"; };
		E69113B520E4FCC600749F6B /* UIApplication+BackgroundTask.swift */ = {isa = PBXFileReference; lastKnownFileType = sourcecode.swift; path = "UIApplication+BackgroundTask.swift"; sourceTree = "<group>"; };
		E69113B720E4FD1200749F6B /* String+UUID.swift */ = {isa = PBXFileReference; lastKnownFileType = sourcecode.swift; path = "String+UUID.swift"; sourceTree = "<group>"; };
		E69113BA20E4FD4A00749F6B /* UNMutableNotificationContent+Factory.swift */ = {isa = PBXFileReference; lastKnownFileType = sourcecode.swift; path = "UNMutableNotificationContent+Factory.swift"; sourceTree = "<group>"; };
		E69113BC20E4FD7700749F6B /* UNNotificationRequest+Factory.swift */ = {isa = PBXFileReference; lastKnownFileType = sourcecode.swift; path = "UNNotificationRequest+Factory.swift"; sourceTree = "<group>"; };
		E69113BF20E4FDBB00749F6B /* CNMutablePostalAddress+CLPlacemark.swift */ = {isa = PBXFileReference; lastKnownFileType = sourcecode.swift; path = "CNMutablePostalAddress+CLPlacemark.swift"; sourceTree = "<group>"; };
		E691C37322367C1C004F93FD /* AsyncOperation.swift */ = {isa = PBXFileReference; lastKnownFileType = sourcecode.swift; path = AsyncOperation.swift; sourceTree = "<group>"; };
		E694634922143A470045DA5D /* CollectionTests.swift */ = {isa = PBXFileReference; lastKnownFileType = sourcecode.swift; path = CollectionTests.swift; sourceTree = "<group>"; };
		E696BCC71F7C2E9700AF02DF /* UIView+Lookup.swift */ = {isa = PBXFileReference; lastKnownFileType = sourcecode.swift; path = "UIView+Lookup.swift"; sourceTree = "<group>"; };
		E696BCC91F7C2EA800AF02DF /* UIView+Inspectable.swift */ = {isa = PBXFileReference; lastKnownFileType = sourcecode.swift; path = "UIView+Inspectable.swift"; sourceTree = "<group>"; };
		E696BCCB1F7C2F9A00AF02DF /* UIVIew+Chaining.swift */ = {isa = PBXFileReference; lastKnownFileType = sourcecode.swift; path = "UIVIew+Chaining.swift"; sourceTree = "<group>"; };
		E69BD70B21FC6DF700605684 /* MHAppKit.podspec */ = {isa = PBXFileReference; lastKnownFileType = text; path = MHAppKit.podspec; sourceTree = "<group>"; };
		E69CE96321CB95720029D199 /* OperationQueue+ConvenienceInit.swift */ = {isa = PBXFileReference; lastKnownFileType = sourcecode.swift; path = "OperationQueue+ConvenienceInit.swift"; sourceTree = "<group>"; };
		E69DCDFF20AC62E7003DDD91 /* TableViewHeaderFooterView.swift */ = {isa = PBXFileReference; lastKnownFileType = sourcecode.swift; path = TableViewHeaderFooterView.swift; sourceTree = "<group>"; };
		E6A094C320360A4A0066214E /* CGSize+Scale.swift */ = {isa = PBXFileReference; lastKnownFileType = sourcecode.swift; path = "CGSize+Scale.swift"; sourceTree = "<group>"; };
		E6A88ADE235889D7001550CE /* TableView.swift */ = {isa = PBXFileReference; lastKnownFileType = sourcecode.swift; path = TableView.swift; sourceTree = "<group>"; };
		E6AE7EEB2563DCC000FAD912 /* OptionalType.swift */ = {isa = PBXFileReference; lastKnownFileType = sourcecode.swift; path = OptionalType.swift; sourceTree = "<group>"; };
		E6AE7EF32563DCDC00FAD912 /* OptionalTypeVerifiable.swift */ = {isa = PBXFileReference; lastKnownFileType = sourcecode.swift; path = OptionalTypeVerifiable.swift; sourceTree = "<group>"; };
		E6AE7EF82563DD1200FAD912 /* OptionalTests.swift */ = {isa = PBXFileReference; lastKnownFileType = sourcecode.swift; path = OptionalTests.swift; sourceTree = "<group>"; };
		E6AE7F0C2563E30F00FAD912 /* UserDefaults+Observer.swift */ = {isa = PBXFileReference; lastKnownFileType = sourcecode.swift; path = "UserDefaults+Observer.swift"; sourceTree = "<group>"; };
		E6AE7F112563E65500FAD912 /* UserDefaultsTests.swift */ = {isa = PBXFileReference; lastKnownFileType = sourcecode.swift; path = UserDefaultsTests.swift; sourceTree = "<group>"; };
		E6AE7F1E2563ECA200FAD912 /* UserDefaultsStored.swift */ = {isa = PBXFileReference; lastKnownFileType = sourcecode.swift; path = UserDefaultsStored.swift; sourceTree = "<group>"; };
		E6AE7F2325640E8300FAD912 /* Referenced.swift */ = {isa = PBXFileReference; lastKnownFileType = sourcecode.swift; path = Referenced.swift; sourceTree = "<group>"; };
		E6AE7F282564111B00FAD912 /* Result+Getters.swift */ = {isa = PBXFileReference; lastKnownFileType = sourcecode.swift; path = "Result+Getters.swift"; sourceTree = "<group>"; };
		E6AE7F2F2564129E00FAD912 /* UIApplication+OpenSettings.swift */ = {isa = PBXFileReference; lastKnownFileType = sourcecode.swift; path = "UIApplication+OpenSettings.swift"; sourceTree = "<group>"; };
		E6AE7F372564138900FAD912 /* Dictionary+KeysSubscript.swift */ = {isa = PBXFileReference; lastKnownFileType = sourcecode.swift; path = "Dictionary+KeysSubscript.swift"; sourceTree = "<group>"; };
		E6AE7F3C256414B500FAD912 /* Array+CompactMap.swift */ = {isa = PBXFileReference; lastKnownFileType = sourcecode.swift; path = "Array+CompactMap.swift"; sourceTree = "<group>"; };
		E6AE7F41256417E100FAD912 /* Date+AdjustingDST.swift */ = {isa = PBXFileReference; lastKnownFileType = sourcecode.swift; path = "Date+AdjustingDST.swift"; sourceTree = "<group>"; };
		E6AE7F7225641E1D00FAD912 /* Array+SplitByCount.swift */ = {isa = PBXFileReference; lastKnownFileType = sourcecode.swift; path = "Array+SplitByCount.swift"; sourceTree = "<group>"; };
		E6AE7F8025650DE100FAD912 /* SwiftUI.framework */ = {isa = PBXFileReference; lastKnownFileType = wrapper.framework; name = SwiftUI.framework; path = System/Library/Frameworks/SwiftUI.framework; sourceTree = SDKROOT; };
		E6B83B1123014E5400D8C14F /* UIImage+Tint.swift */ = {isa = PBXFileReference; lastKnownFileType = sourcecode.swift; path = "UIImage+Tint.swift"; sourceTree = "<group>"; };
		E6CF2D5B23A2737000CB0FB6 /* .gitignore */ = {isa = PBXFileReference; lastKnownFileType = text; path = .gitignore; sourceTree = "<group>"; };
		E6D1EE4320035C3E00B9B300 /* OperationsTests.swift */ = {isa = PBXFileReference; lastKnownFileType = sourcecode.swift; path = OperationsTests.swift; sourceTree = "<group>"; };
		E6D1EE452003F55400B9B300 /* RefreshStaticTableViewController.swift */ = {isa = PBXFileReference; lastKnownFileType = sourcecode.swift; path = RefreshStaticTableViewController.swift; sourceTree = "<group>"; };
		E6DA2062222922CE00DB24FA /* UINavigationBar+SeparatorHiding.swift */ = {isa = PBXFileReference; lastKnownFileType = sourcecode.swift; path = "UINavigationBar+SeparatorHiding.swift"; sourceTree = "<group>"; };
		E6DC21181EFBEDDE008D182A /* ShowHideAnimator.swift */ = {isa = PBXFileReference; fileEncoding = 4; lastKnownFileType = sourcecode.swift; path = ShowHideAnimator.swift; sourceTree = "<group>"; };
		E6E382922019E15300039892 /* UIResponder.swift */ = {isa = PBXFileReference; lastKnownFileType = sourcecode.swift; path = UIResponder.swift; sourceTree = "<group>"; };
		E6E71BF21F0A7CDA000980C5 /* MHAppKit.swift */ = {isa = PBXFileReference; fileEncoding = 4; lastKnownFileType = sourcecode.swift; path = MHAppKit.swift; sourceTree = "<group>"; };
		E6E71BF41F0A7D52000980C5 /* UIImage+Data.swift */ = {isa = PBXFileReference; fileEncoding = 4; lastKnownFileType = sourcecode.swift; path = "UIImage+Data.swift"; sourceTree = "<group>"; };
		E6E71C021F0A8B02000980C5 /* CLLocation+CGImagePropertyGPS.swift */ = {isa = PBXFileReference; fileEncoding = 4; lastKnownFileType = sourcecode.swift; path = "CLLocation+CGImagePropertyGPS.swift"; sourceTree = "<group>"; };
		E6E71C051F0A8EA6000980C5 /* PHAsset+Metadata.swift */ = {isa = PBXFileReference; fileEncoding = 4; lastKnownFileType = sourcecode.swift; path = "PHAsset+Metadata.swift"; sourceTree = "<group>"; };
		E6E71C0A1F0A9658000980C5 /* PHPhotoLibrary+Save.swift */ = {isa = PBXFileReference; fileEncoding = 4; lastKnownFileType = sourcecode.swift; path = "PHPhotoLibrary+Save.swift"; sourceTree = "<group>"; };
		E6E83BBC212441B00062CB99 /* DatePickerViewController.swift */ = {isa = PBXFileReference; lastKnownFileType = sourcecode.swift; path = DatePickerViewController.swift; sourceTree = "<group>"; };
		E6E83BBE212441BC0062CB99 /* DatePickerViewController.xib */ = {isa = PBXFileReference; lastKnownFileType = file.xib; path = DatePickerViewController.xib; sourceTree = "<group>"; };
		E6E8760F221A9AE00016F53D /* UserDefaults+Date.swift */ = {isa = PBXFileReference; fileEncoding = 4; lastKnownFileType = sourcecode.swift; path = "UserDefaults+Date.swift"; sourceTree = "<group>"; };
		E6F03EDB23042BAD0064D0F4 /* PassthroughView.swift */ = {isa = PBXFileReference; lastKnownFileType = sourcecode.swift; path = PassthroughView.swift; sourceTree = "<group>"; };
		E6F471AA1FDE73970052031A /* SFSafariViewController+URLSupport.swift */ = {isa = PBXFileReference; lastKnownFileType = sourcecode.swift; path = "SFSafariViewController+URLSupport.swift"; sourceTree = "<group>"; };
		E6FE9F391F2622180094CC5B /* TimeInterval+TimeConvertion.swift */ = {isa = PBXFileReference; fileEncoding = 4; lastKnownFileType = sourcecode.swift; path = "TimeInterval+TimeConvertion.swift"; sourceTree = "<group>"; };
		E6FE9F3C1F2622500094CC5B /* Date+Formatting.swift */ = {isa = PBXFileReference; fileEncoding = 4; lastKnownFileType = sourcecode.swift; path = "Date+Formatting.swift"; sourceTree = "<group>"; };
		E6FE9F3E1F26225A0094CC5B /* Date+Components.swift */ = {isa = PBXFileReference; fileEncoding = 4; lastKnownFileType = sourcecode.swift; path = "Date+Components.swift"; sourceTree = "<group>"; };
		E6FE9F401F2622C30094CC5B /* DateTests.swift */ = {isa = PBXFileReference; fileEncoding = 4; lastKnownFileType = sourcecode.swift; path = DateTests.swift; sourceTree = "<group>"; };
		E6FE9F7D1F274FB30094CC5B /* UIControlGroup.swift */ = {isa = PBXFileReference; fileEncoding = 4; lastKnownFileType = sourcecode.swift; path = UIControlGroup.swift; sourceTree = "<group>"; };
		E6FE9F851F276EF40094CC5B /* UIControlGroupTests.swift */ = {isa = PBXFileReference; fileEncoding = 4; lastKnownFileType = sourcecode.swift; path = UIControlGroupTests.swift; sourceTree = "<group>"; };
/* End PBXFileReference section */

/* Begin PBXFrameworksBuildPhase section */
		3035205A1C88EB3500436351 /* Frameworks */ = {
			isa = PBXFrameworksBuildPhase;
			buildActionMask = 2147483647;
			files = (
			);
			runOnlyForDeploymentPostprocessing = 0;
		};
		303520B51C88EDCC00436351 /* Frameworks */ = {
			isa = PBXFrameworksBuildPhase;
			buildActionMask = 2147483647;
			files = (
				303520BD1C88EDCC00436351 /* MHAppKit.framework in Frameworks */,
			);
			runOnlyForDeploymentPostprocessing = 0;
		};
		9912AA871D81E60D00DE25FC /* Frameworks */ = {
			isa = PBXFrameworksBuildPhase;
			buildActionMask = 2147483647;
			files = (
			);
			runOnlyForDeploymentPostprocessing = 0;
		};
		99CDAD481CFC68070090960D /* Frameworks */ = {
			isa = PBXFrameworksBuildPhase;
			buildActionMask = 2147483647;
			files = (
				9912AA971D81EB0500DE25FC /* MHAppKit.framework in Frameworks */,
			);
			runOnlyForDeploymentPostprocessing = 0;
		};
/* End PBXFrameworksBuildPhase section */

/* Begin PBXGroup section */
		303520541C88EB3500436351 = {
			isa = PBXGroup;
			children = (
				E6CF2D5B23A2737000CB0FB6 /* .gitignore */,
				303520A91C88ED4C00436351 /* README.md */,
				E648E8F7217A2B1F00FC15BA /* LICENSE */,
				E69BD70B21FC6DF700605684 /* MHAppKit.podspec */,
				E65CF54023A0E3B6003DB0AB /* Package.swift */,
				303520601C88EB3500436351 /* MHAppKit */,
				303520B91C88EDCC00436351 /* MHAppKitTests */,
				99CDAD4C1CFC68070090960D /* MHAppKitTestsHost */,
				9912AA8B1D81E60D00DE25FC /* MHAppKitUITests */,
				3035205F1C88EB3500436351 /* Products */,
				996181191D9ABC7300ED1072 /* Frameworks */,
			);
			sourceTree = "<group>";
		};
		3035205F1C88EB3500436351 /* Products */ = {
			isa = PBXGroup;
			children = (
				3035205E1C88EB3500436351 /* MHAppKit.framework */,
				303520B81C88EDCC00436351 /* MHAppKitTests.xctest */,
				99CDAD4B1CFC68070090960D /* MHAppKitTestsHost.app */,
				9912AA8A1D81E60D00DE25FC /* MHAppKitUITests.xctest */,
			);
			name = Products;
			sourceTree = "<group>";
		};
		303520601C88EB3500436351 /* MHAppKit */ = {
			isa = PBXGroup;
			children = (
				303520611C88EB3500436351 /* MHAppKit.h */,
				E6E71BF21F0A7CDA000980C5 /* MHAppKit.swift */,
				E630CB7C2145C13D00386CBF /* Decorators */,
				E658BDBA1FFF954900D52AE8 /* Operations */,
				E60E8D6F1FC372F1009CE622 /* NibLoadable */,
				303521181C88EFEB00436351 /* Extensions */,
				303521041C88EF6A00436351 /* Animators */,
				303521081C88EF6A00436351 /* Segues */,
				303520F01C88EF1700436351 /* Views */,
				303520FB1C88EF6A00436351 /* ViewControllers */,
				E6AE7EEA2563DC1800FAD912 /* Optional */,
				E6AE7EE92563DBEB00FAD912 /* PropertyWrappers */,
				303520631C88EB3500436351 /* Info.plist */,
			);
			path = MHAppKit;
			sourceTree = "<group>";
		};
		303520B91C88EDCC00436351 /* MHAppKitTests */ = {
			isa = PBXGroup;
			children = (
				9989F82A1CF71F7300B4EDC5 /* XCTestExtensions.swift */,
				303520BA1C88EDCC00436351 /* MHAppKitTests.swift */,
				E616A2A123A138D300C83ED7 /* HostDependantTests.swift */,
				99402A691D0AEA5700412ED5 /* UIColorTests.swift */,
				E6FE9F401F2622C30094CC5B /* DateTests.swift */,
				E6D1EE4320035C3E00B9B300 /* OperationsTests.swift */,
				E630CB822145C48000386CBF /* StringTests.swift */,
				E630CB842145C57A00386CBF /* CGSizeScalingTests.swift */,
				E6FE9F851F276EF40094CC5B /* UIControlGroupTests.swift */,
				E65AA39C21CBA8B500E58856 /* OperationQueueTests.swift */,
				E694634922143A470045DA5D /* CollectionTests.swift */,
				E6AE7EF82563DD1200FAD912 /* OptionalTests.swift */,
				E6AE7F112563E65500FAD912 /* UserDefaultsTests.swift */,
				303520BC1C88EDCC00436351 /* Info.plist */,
			);
			path = MHAppKitTests;
			sourceTree = "<group>";
		};
		303520F01C88EF1700436351 /* Views */ = {
			isa = PBXGroup;
			children = (
				303520F41C88EF2800436351 /* Label.swift */,
				303520F31C88EF2800436351 /* BadgeLabel.swift */,
				E60E8D931FC42C9F009CE622 /* Button.swift */,
				303520F11C88EF2800436351 /* TextView.swift */,
				E6A88ADE235889D7001550CE /* TableView.swift */,
				303520F21C88EF2800436351 /* TableViewCell.swift */,
				303520F51C88EF2800436351 /* ExtendedHitView.swift */,
				99E247CA1CE749E5006726BA /* DynamicSizeTableSuplementaryView.swift */,
				99E247CC1CE749F2006726BA /* DynamicSizeTableHeaderView.swift */,
				99E247CE1CE749FD006726BA /* DynamicSizeTableFooterView.swift */,
				E69DCDFF20AC62E7003DDD91 /* TableViewHeaderFooterView.swift */,
				E6F03EDB23042BAD0064D0F4 /* PassthroughView.swift */,
			);
			path = Views;
			sourceTree = "<group>";
		};
		303520FB1C88EF6A00436351 /* ViewControllers */ = {
			isa = PBXGroup;
			children = (
				303520FE1C88EF6A00436351 /* NavigationController.swift */,
				303521031C88EF6A00436351 /* ViewController.swift */,
				303521021C88EF6A00436351 /* StaticTableViewController.swift */,
				303520FD1C88EF6A00436351 /* DynamicTableViewController.swift */,
				303520FC1C88EF6A00436351 /* CollectionViewController.swift */,
				303520FF1C88EF6A00436351 /* PageViewController.swift */,
				303521001C88EF6A00436351 /* PickerViewController.swift */,
				303521011C88EF6A00436351 /* PickerViewController.xib */,
				E6E83BBC212441B00062CB99 /* DatePickerViewController.swift */,
				E6E83BBE212441BC0062CB99 /* DatePickerViewController.xib */,
			);
			path = ViewControllers;
			sourceTree = "<group>";
		};
		303521041C88EF6A00436351 /* Animators */ = {
			isa = PBXGroup;
			children = (
				303521051C88EF6A00436351 /* BlockAnimator.swift */,
				303521071C88EF6A00436351 /* UIViewTransitionAnimator.swift */,
				303521061C88EF6A00436351 /* UINavigationControllerPerspectiveAnimator.swift */,
				E6DC21181EFBEDDE008D182A /* ShowHideAnimator.swift */,
			);
			path = Animators;
			sourceTree = "<group>";
		};
		303521081C88EF6A00436351 /* Segues */ = {
			isa = PBXGroup;
			children = (
				303521091C88EF6A00436351 /* UINavigationControllerReplaceAllSegue.swift */,
				3035210A1C88EF6A00436351 /* UINavigationControllerReplaceLastSegue.swift */,
			);
			path = Segues;
			sourceTree = "<group>";
		};
		303521181C88EFEB00436351 /* Extensions */ = {
			isa = PBXGroup;
			children = (
				E69113BE20E4FDA800749F6B /* ContactsUI */,
				E69113B920E4FD2C00749F6B /* UserNotifications */,
				E6F471A91FDE737E0052031A /* SafariServices */,
				E6FE9F361F261D9A0094CC5B /* Photos */,
				E6FE9F321F261CA30094CC5B /* Foundation */,
				E6FE9F311F261C940094CC5B /* UIKit */,
				E6E71C011F0A8AE8000980C5 /* CoreLocation */,
				99B0FCFD1CFDC64C0028E56A /* MessageUI */,
				E6A094C020360A200066214E /* CoreGraphics */,
			);
			path = Extensions;
			sourceTree = "<group>";
		};
		303521191C88F00D00436351 /* UIViewController */ = {
			isa = PBXGroup;
			children = (
				3035211D1C88F00D00436351 /* UIViewController.swift */,
				3035211B1C88F00D00436351 /* UIViewController+Lookup.swift */,
				3035211C1C88F00D00436351 /* UIViewController+UIAlertController.swift */,
				3035211A1C88F00D00436351 /* UIViewController+Container.swift */,
				E677AA2C23312D47004B2CFA /* UIViewController+ErrorAlert.swift */,
			);
			path = UIViewController;
			sourceTree = "<group>";
		};
		9912AA8B1D81E60D00DE25FC /* MHAppKitUITests */ = {
			isa = PBXGroup;
			children = (
				9912AA8C1D81E60D00DE25FC /* MHAppKitUITests.swift */,
				9912AA8E1D81E60D00DE25FC /* Info.plist */,
			);
			path = MHAppKitUITests;
			sourceTree = "<group>";
		};
		99402A521D09607400412ED5 /* UIImage */ = {
			isa = PBXGroup;
			children = (
				99402A531D09609600412ED5 /* UIImage+Color.swift */,
				E6E71BF41F0A7D52000980C5 /* UIImage+Data.swift */,
				E6B83B1123014E5400D8C14F /* UIImage+Tint.swift */,
			);
			path = UIImage;
			sourceTree = "<group>";
		};
		996181191D9ABC7300ED1072 /* Frameworks */ = {
			isa = PBXGroup;
			children = (
				E6AE7F8025650DE100FAD912 /* SwiftUI.framework */,
				9961811A1D9ABC7400ED1072 /* MessageUI.framework */,
			);
			name = Frameworks;
			sourceTree = "<group>";
		};
		99B0FCFD1CFDC64C0028E56A /* MessageUI */ = {
			isa = PBXGroup;
			children = (
				99B0FCFE1CFDC6720028E56A /* MFMailComposeViewController+CompletionHandler.swift */,
			);
			path = MessageUI;
			sourceTree = "<group>";
		};
		99CDAD4C1CFC68070090960D /* MHAppKitTestsHost */ = {
			isa = PBXGroup;
			children = (
				99CDAD4D1CFC68070090960D /* AppDelegate.swift */,
				99CDAD4F1CFC68070090960D /* ViewController.swift */,
				E6D1EE452003F55400B9B300 /* RefreshStaticTableViewController.swift */,
				E60E8D721FC373BB009CE622 /* TestNibView.swift */,
				E60E8D741FC373E4009CE622 /* TestNibView.xib */,
				99CDAD511CFC68070090960D /* Main.storyboard */,
				99CDAD541CFC68070090960D /* Assets.xcassets */,
				99CDAD561CFC68070090960D /* LaunchScreen.storyboard */,
				99CDAD591CFC68070090960D /* Info.plist */,
			);
			path = MHAppKitTestsHost;
			sourceTree = "<group>";
		};
		E60E8D6F1FC372F1009CE622 /* NibLoadable */ = {
			isa = PBXGroup;
			children = (
				E60E8D701FC37313009CE622 /* NibLoadable.swift */,
			);
			path = NibLoadable;
			sourceTree = "<group>";
		};
		E630CB7C2145C13D00386CBF /* Decorators */ = {
			isa = PBXGroup;
			children = (
				E6FE9F7D1F274FB30094CC5B /* UIControlGroup.swift */,
				E630CB7D2145C16B00386CBF /* UIScrollViewPagingController.swift */,
			);
			path = Decorators;
			sourceTree = "<group>";
		};
		E630CB812145C1B600386CBF /* String */ = {
			isa = PBXGroup;
			children = (
				E659206E20C7F15200774DA7 /* StringProtocol+Ranges.swift */,
				E630CB7F2145C1B200386CBF /* StringProtocol+OptionalConcat.swift */,
				E69113B720E4FD1200749F6B /* String+UUID.swift */,
				E680314121A20A7F003D0159 /* String+NilEmpty.swift */,
			);
			path = String;
			sourceTree = "<group>";
		};
		E658BDBA1FFF954900D52AE8 /* Operations */ = {
			isa = PBXGroup;
			children = (
				E691C37322367C1C004F93FD /* AsyncOperation.swift */,
				E658BDC61FFFD57C00D52AE8 /* AsyncBlockOperation.swift */,
				E658BDB81FFF92E700D52AE8 /* CompositionOperation.swift */,
			);
			path = Operations;
			sourceTree = "<group>";
		};
		E69113B920E4FD2C00749F6B /* UserNotifications */ = {
			isa = PBXGroup;
			children = (
				E69113BA20E4FD4A00749F6B /* UNMutableNotificationContent+Factory.swift */,
				E69113BC20E4FD7700749F6B /* UNNotificationRequest+Factory.swift */,
			);
			path = UserNotifications;
			sourceTree = "<group>";
		};
		E69113BE20E4FDA800749F6B /* ContactsUI */ = {
			isa = PBXGroup;
			children = (
				E69113BF20E4FDBB00749F6B /* CNMutablePostalAddress+CLPlacemark.swift */,
			);
			path = ContactsUI;
			sourceTree = "<group>";
		};
		E696BCC61F7C2E8300AF02DF /* UIView */ = {
			isa = PBXGroup;
			children = (
				E696BCC71F7C2E9700AF02DF /* UIView+Lookup.swift */,
				E696BCC91F7C2EA800AF02DF /* UIView+Inspectable.swift */,
				E696BCCB1F7C2F9A00AF02DF /* UIVIew+Chaining.swift */,
				E658FEFF1FCC262E007A8107 /* UIView+Snapshot.swift */,
			);
			path = UIView;
			sourceTree = "<group>";
		};
		E69CE96221CB95560029D199 /* OperationQueue */ = {
			isa = PBXGroup;
			children = (
				E69CE96321CB95720029D199 /* OperationQueue+ConvenienceInit.swift */,
				E65AA39A21CBA72900E58856 /* OperationQueue+Completion.swift */,
			);
			path = OperationQueue;
			sourceTree = "<group>";
		};
		E6A094C020360A200066214E /* CoreGraphics */ = {
			isa = PBXGroup;
			children = (
				E6A094C320360A4A0066214E /* CGSize+Scale.swift */,
			);
			path = CoreGraphics;
			sourceTree = "<group>";
		};
		E6AE7EE92563DBEB00FAD912 /* PropertyWrappers */ = {
			isa = PBXGroup;
			children = (
				E6AE7F1E2563ECA200FAD912 /* UserDefaultsStored.swift */,
				E6AE7F2325640E8300FAD912 /* Referenced.swift */,
			);
			path = PropertyWrappers;
			sourceTree = "<group>";
		};
		E6AE7EEA2563DC1800FAD912 /* Optional */ = {
			isa = PBXGroup;
			children = (
				E6AE7EEB2563DCC000FAD912 /* OptionalType.swift */,
				E6AE7EF32563DCDC00FAD912 /* OptionalTypeVerifiable.swift */,
			);
			path = Optional;
			sourceTree = "<group>";
		};
		E6AE7F2D2564128700FAD912 /* UIApplication */ = {
			isa = PBXGroup;
			children = (
				E69113B520E4FCC600749F6B /* UIApplication+BackgroundTask.swift */,
				E6AE7F2F2564129E00FAD912 /* UIApplication+OpenSettings.swift */,
			);
			path = UIApplication;
			sourceTree = "<group>";
		};
		E6AE7F7125641E0D00FAD912 /* Array */ = {
			isa = PBXGroup;
			children = (
				E6AE7F3C256414B500FAD912 /* Array+CompactMap.swift */,
				E6AE7F7225641E1D00FAD912 /* Array+SplitByCount.swift */,
			);
			path = Array;
			sourceTree = "<group>";
		};
		E6E71BF61F0A7D78000980C5 /* UIImagePickerController */ = {
			isa = PBXGroup;
			children = (
				E60A581D21F2667B005E0032 /* UIImagePickerControllerMediaInfo+Properties.swift */,
				E60A581F21F26699005E0032 /* UIImagePickerControllerMediaInfo+DataExport.swift */,
			);
			path = UIImagePickerController;
			sourceTree = "<group>";
		};
		E6E71C011F0A8AE8000980C5 /* CoreLocation */ = {
			isa = PBXGroup;
			children = (
				E6E71C021F0A8B02000980C5 /* CLLocation+CGImagePropertyGPS.swift */,
			);
			path = CoreLocation;
			sourceTree = "<group>";
		};
		E6E8760E221A9AD10016F53D /* UserDefaults */ = {
			isa = PBXGroup;
			children = (
				E6E8760F221A9AE00016F53D /* UserDefaults+Date.swift */,
				E6AE7F0C2563E30F00FAD912 /* UserDefaults+Observer.swift */,
			);
			path = UserDefaults;
			sourceTree = "<group>";
		};
		E6F471A91FDE737E0052031A /* SafariServices */ = {
			isa = PBXGroup;
			children = (
				E6F471AA1FDE73970052031A /* SFSafariViewController+URLSupport.swift */,
			);
			path = SafariServices;
			sourceTree = "<group>";
		};
		E6FE9F311F261C940094CC5B /* UIKit */ = {
			isa = PBXGroup;
			children = (
				3035211F1C88F00D00436351 /* UINavigationController+Background.swift */,
				303521211C88F00D00436351 /* UIWindow+Background.swift */,
				99402A671D0AE99300412ED5 /* UIColor+HEX.swift */,
				303521271C88F00D00436351 /* UILabel.swift */,
				99CDAD671CFC7C710090960D /* UIButton.swift */,
				99CDAD691CFC7C810090960D /* UIBarButtonItem+Action.swift */,
				99CDAC9E1CFC30750090960D /* UIControl+Action.swift */,
				E61C31561FC4474E00C43068 /* UITableView.swift */,
				E6E382922019E15300039892 /* UIResponder.swift */,
				E66FEC7E20595957003C8761 /* UISegmentedControl.swift */,
				E614429321EF6F49009570EE /* UITextView+ExclusionViews.swift */,
				E61442F121F08D54009570EE /* UIScrollView+ViewsAffectingInsets.swift */,
				E64C2C37230AC9FF007E3FBF /* UIScrollView+IBContentInsetAdjustment.swift */,
				E6DA2062222922CE00DB24FA /* UINavigationBar+SeparatorHiding.swift */,
				E6AE7F2D2564128700FAD912 /* UIApplication */,
				E696BCC61F7C2E8300AF02DF /* UIView */,
				E6E71BF61F0A7D78000980C5 /* UIImagePickerController */,
				303521191C88F00D00436351 /* UIViewController */,
				99402A521D09607400412ED5 /* UIImage */,
			);
			path = UIKit;
			sourceTree = "<group>";
		};
		E6FE9F321F261CA30094CC5B /* Foundation */ = {
			isa = PBXGroup;
			children = (
				303521231C88F00D00436351 /* NSError+Presentation.swift */,
				99387BD61DFAB7BB008F5FDB /* Timer+Closures.swift */,
				E6FE9F391F2622180094CC5B /* TimeInterval+TimeConvertion.swift */,
				E61C31541FC444FC00C43068 /* Collection+ConvenienceMutating.swift */,
				E60A581B21F262A1005E0032 /* Data+TemporaryFile.swift */,
				E6AE7F282564111B00FAD912 /* Result+Getters.swift */,
				E6AE7F372564138900FAD912 /* Dictionary+KeysSubscript.swift */,
				E6AE7F7125641E0D00FAD912 /* Array */,
				E630CB812145C1B600386CBF /* String */,
				E6FE9F3B1F2622320094CC5B /* Date */,
				E69CE96221CB95560029D199 /* OperationQueue */,
				E6E8760E221A9AD10016F53D /* UserDefaults */,
			);
			path = Foundation;
			sourceTree = "<group>";
		};
		E6FE9F361F261D9A0094CC5B /* Photos */ = {
			isa = PBXGroup;
			children = (
				E6E71C0A1F0A9658000980C5 /* PHPhotoLibrary+Save.swift */,
				E6E71C051F0A8EA6000980C5 /* PHAsset+Metadata.swift */,
			);
			path = Photos;
			sourceTree = "<group>";
		};
		E6FE9F3B1F2622320094CC5B /* Date */ = {
			isa = PBXGroup;
			children = (
				E6FE9F3C1F2622500094CC5B /* Date+Formatting.swift */,
				E6FE9F3E1F26225A0094CC5B /* Date+Components.swift */,
				E6AE7F41256417E100FAD912 /* Date+AdjustingDST.swift */,
			);
			path = Date;
			sourceTree = "<group>";
		};
/* End PBXGroup section */

/* Begin PBXHeadersBuildPhase section */
		3035205B1C88EB3500436351 /* Headers */ = {
			isa = PBXHeadersBuildPhase;
			buildActionMask = 2147483647;
			files = (
				303520621C88EB3500436351 /* MHAppKit.h in Headers */,
			);
			runOnlyForDeploymentPostprocessing = 0;
		};
/* End PBXHeadersBuildPhase section */

/* Begin PBXNativeTarget section */
		3035205D1C88EB3500436351 /* MHAppKit */ = {
			isa = PBXNativeTarget;
			buildConfigurationList = 303520661C88EB3500436351 /* Build configuration list for PBXNativeTarget "MHAppKit" */;
			buildPhases = (
				303520591C88EB3500436351 /* Sources */,
				3035205A1C88EB3500436351 /* Frameworks */,
				3035205B1C88EB3500436351 /* Headers */,
				3035205C1C88EB3500436351 /* Resources */,
			);
			buildRules = (
			);
			dependencies = (
			);
			name = MHAppKit;
			productName = MHAppKit;
			productReference = 3035205E1C88EB3500436351 /* MHAppKit.framework */;
			productType = "com.apple.product-type.framework";
		};
		303520B71C88EDCC00436351 /* MHAppKitTests */ = {
			isa = PBXNativeTarget;
			buildConfigurationList = 303520C01C88EDCC00436351 /* Build configuration list for PBXNativeTarget "MHAppKitTests" */;
			buildPhases = (
				303520B41C88EDCC00436351 /* Sources */,
				303520B51C88EDCC00436351 /* Frameworks */,
				303520B61C88EDCC00436351 /* Resources */,
			);
			buildRules = (
			);
			dependencies = (
				303520BF1C88EDCC00436351 /* PBXTargetDependency */,
				99CDAD5E1CFC68180090960D /* PBXTargetDependency */,
			);
			name = MHAppKitTests;
			productName = MHAppKitTests;
			productReference = 303520B81C88EDCC00436351 /* MHAppKitTests.xctest */;
			productType = "com.apple.product-type.bundle.unit-test";
		};
		9912AA891D81E60D00DE25FC /* MHAppKitUITests */ = {
			isa = PBXNativeTarget;
			buildConfigurationList = 9912AA931D81E60D00DE25FC /* Build configuration list for PBXNativeTarget "MHAppKitUITests" */;
			buildPhases = (
				9912AA861D81E60D00DE25FC /* Sources */,
				9912AA871D81E60D00DE25FC /* Frameworks */,
				9912AA881D81E60D00DE25FC /* Resources */,
			);
			buildRules = (
			);
			dependencies = (
				9912AA901D81E60D00DE25FC /* PBXTargetDependency */,
			);
			name = MHAppKitUITests;
			productName = MHAppKitUITests;
			productReference = 9912AA8A1D81E60D00DE25FC /* MHAppKitUITests.xctest */;
			productType = "com.apple.product-type.bundle.ui-testing";
		};
		99CDAD4A1CFC68070090960D /* MHAppKitTestsHost */ = {
			isa = PBXNativeTarget;
			buildConfigurationList = 99CDAD5C1CFC68070090960D /* Build configuration list for PBXNativeTarget "MHAppKitTestsHost" */;
			buildPhases = (
				99CDAD471CFC68070090960D /* Sources */,
				99CDAD481CFC68070090960D /* Frameworks */,
				99CDAD491CFC68070090960D /* Resources */,
				9912AA991D81EB0500DE25FC /* Embed Frameworks */,
			);
			buildRules = (
			);
			dependencies = (
				9912AA951D81E97900DE25FC /* PBXTargetDependency */,
			);
			name = MHAppKitTestsHost;
			productName = MHAppKitTestsHost;
			productReference = 99CDAD4B1CFC68070090960D /* MHAppKitTestsHost.app */;
			productType = "com.apple.product-type.application";
		};
/* End PBXNativeTarget section */

/* Begin PBXProject section */
		303520551C88EB3500436351 /* Project object */ = {
			isa = PBXProject;
			attributes = {
				LastSwiftUpdateCheck = 0800;
				LastUpgradeCheck = 1400;
				ORGANIZATIONNAME = "Milen Halachev";
				TargetAttributes = {
					3035205D1C88EB3500436351 = {
						CreatedOnToolsVersion = 7.2.1;
						LastSwiftMigration = 1020;
					};
					303520B71C88EDCC00436351 = {
						CreatedOnToolsVersion = 7.2.1;
						LastSwiftMigration = 1020;
						TestTargetID = 99CDAD4A1CFC68070090960D;
					};
					9912AA891D81E60D00DE25FC = {
						CreatedOnToolsVersion = 8.0;
						LastSwiftMigration = 1020;
						ProvisioningStyle = Automatic;
						TestTargetID = 99CDAD4A1CFC68070090960D;
					};
					99CDAD4A1CFC68070090960D = {
						CreatedOnToolsVersion = 7.3.1;
						DevelopmentTeam = W2ZM5597BG;
						LastSwiftMigration = 1020;
						ProvisioningStyle = Automatic;
					};
				};
			};
			buildConfigurationList = 303520581C88EB3500436351 /* Build configuration list for PBXProject "MHAppKit" */;
			compatibilityVersion = "Xcode 3.2";
			developmentRegion = en;
			hasScannedForEncodings = 0;
			knownRegions = (
				en,
				Base,
			);
			mainGroup = 303520541C88EB3500436351;
			productRefGroup = 3035205F1C88EB3500436351 /* Products */;
			projectDirPath = "";
			projectRoot = "";
			targets = (
				3035205D1C88EB3500436351 /* MHAppKit */,
				303520B71C88EDCC00436351 /* MHAppKitTests */,
				99CDAD4A1CFC68070090960D /* MHAppKitTestsHost */,
				9912AA891D81E60D00DE25FC /* MHAppKitUITests */,
			);
		};
/* End PBXProject section */

/* Begin PBXResourcesBuildPhase section */
		3035205C1C88EB3500436351 /* Resources */ = {
			isa = PBXResourcesBuildPhase;
			buildActionMask = 2147483647;
			files = (
				E6E83BBF212441BC0062CB99 /* DatePickerViewController.xib in Resources */,
				303521101C88EF6A00436351 /* PickerViewController.xib in Resources */,
			);
			runOnlyForDeploymentPostprocessing = 0;
		};
		303520B61C88EDCC00436351 /* Resources */ = {
			isa = PBXResourcesBuildPhase;
			buildActionMask = 2147483647;
			files = (
			);
			runOnlyForDeploymentPostprocessing = 0;
		};
		9912AA881D81E60D00DE25FC /* Resources */ = {
			isa = PBXResourcesBuildPhase;
			buildActionMask = 2147483647;
			files = (
			);
			runOnlyForDeploymentPostprocessing = 0;
		};
		99CDAD491CFC68070090960D /* Resources */ = {
			isa = PBXResourcesBuildPhase;
			buildActionMask = 2147483647;
			files = (
				E60E8D751FC373E4009CE622 /* TestNibView.xib in Resources */,
				99CDAD581CFC68070090960D /* LaunchScreen.storyboard in Resources */,
				99CDAD551CFC68070090960D /* Assets.xcassets in Resources */,
				99CDAD531CFC68070090960D /* Main.storyboard in Resources */,
			);
			runOnlyForDeploymentPostprocessing = 0;
		};
/* End PBXResourcesBuildPhase section */

/* Begin PBXSourcesBuildPhase section */
		303520591C88EB3500436351 /* Sources */ = {
			isa = PBXSourcesBuildPhase;
			buildActionMask = 2147483647;
			files = (
				E658BDC71FFFD57C00D52AE8 /* AsyncBlockOperation.swift in Sources */,
				E6B83B1223014E5400D8C14F /* UIImage+Tint.swift in Sources */,
				3035210F1C88EF6A00436351 /* PickerViewController.swift in Sources */,
				E659206F20C7F15200774DA7 /* StringProtocol+Ranges.swift in Sources */,
				3035210B1C88EF6A00436351 /* CollectionViewController.swift in Sources */,
				E6DA2063222922CE00DB24FA /* UINavigationBar+SeparatorHiding.swift in Sources */,
				E60A581E21F2667B005E0032 /* UIImagePickerControllerMediaInfo+Properties.swift in Sources */,
				E69DCE0020AC62E7003DDD91 /* TableViewHeaderFooterView.swift in Sources */,
				E6AE7F0D2563E30F00FAD912 /* UserDefaults+Observer.swift in Sources */,
				E69113BD20E4FD7700749F6B /* UNNotificationRequest+Factory.swift in Sources */,
				E614429421EF6F49009570EE /* UITextView+ExclusionViews.swift in Sources */,
				E60E8D711FC37313009CE622 /* NibLoadable.swift in Sources */,
				99E247CD1CE749F2006726BA /* DynamicSizeTableHeaderView.swift in Sources */,
				E69113C020E4FDBB00749F6B /* CNMutablePostalAddress+CLPlacemark.swift in Sources */,
				E6AE7F302564129E00FAD912 /* UIApplication+OpenSettings.swift in Sources */,
				99CDAD681CFC7C710090960D /* UIButton.swift in Sources */,
				E658BDB91FFF92E700D52AE8 /* CompositionOperation.swift in Sources */,
				E61442F221F08D54009570EE /* UIScrollView+ViewsAffectingInsets.swift in Sources */,
				E696BCCA1F7C2EA800AF02DF /* UIView+Inspectable.swift in Sources */,
				E6AE7F2425640E8300FAD912 /* Referenced.swift in Sources */,
				99E247CB1CE749E5006726BA /* DynamicSizeTableSuplementaryView.swift in Sources */,
				99402A541D09609600412ED5 /* UIImage+Color.swift in Sources */,
				E6E71C031F0A8B02000980C5 /* CLLocation+CGImagePropertyGPS.swift in Sources */,
				E60A581C21F262A1005E0032 /* Data+TemporaryFile.swift in Sources */,
				E6AE7F7325641E1D00FAD912 /* Array+SplitByCount.swift in Sources */,
				E61C31551FC444FC00C43068 /* Collection+ConvenienceMutating.swift in Sources */,
				E630CB7E2145C16B00386CBF /* UIScrollViewPagingController.swift in Sources */,
				E60E8D941FC42CA0009CE622 /* Button.swift in Sources */,
				E66FEC7F20595957003C8761 /* UISegmentedControl.swift in Sources */,
				3035210D1C88EF6A00436351 /* NavigationController.swift in Sources */,
				E6E83BBD212441B00062CB99 /* DatePickerViewController.swift in Sources */,
				E6AE7F3D256414B500FAD912 /* Array+CompactMap.swift in Sources */,
				E6AE7F42256417E100FAD912 /* Date+AdjustingDST.swift in Sources */,
				303521131C88EF6A00436351 /* BlockAnimator.swift in Sources */,
				303521281C88F00D00436351 /* UIViewController+Container.swift in Sources */,
				E6FE9F7E1F274FB30094CC5B /* UIControlGroup.swift in Sources */,
				E658FF001FCC262E007A8107 /* UIView+Snapshot.swift in Sources */,
				E6F471AB1FDE73970052031A /* SFSafariViewController+URLSupport.swift in Sources */,
				303520F81C88EF2800436351 /* BadgeLabel.swift in Sources */,
				303520FA1C88EF2800436351 /* ExtendedHitView.swift in Sources */,
				99B3FAD21D9ABE9100D96199 /* MFMailComposeViewController+CompletionHandler.swift in Sources */,
				303521161C88EF6A00436351 /* UINavigationControllerReplaceAllSegue.swift in Sources */,
				E6FE9F3F1F26225A0094CC5B /* Date+Components.swift in Sources */,
				E6AE7F1F2563ECA200FAD912 /* UserDefaultsStored.swift in Sources */,
				E6E71C0B1F0A9658000980C5 /* PHPhotoLibrary+Save.swift in Sources */,
				303520F61C88EF2800436351 /* TextView.swift in Sources */,
				303521151C88EF6A00436351 /* UIViewTransitionAnimator.swift in Sources */,
				E6FE9F3D1F2622500094CC5B /* Date+Formatting.swift in Sources */,
				303521121C88EF6A00436351 /* ViewController.swift in Sources */,
				E677AA2D23312D47004B2CFA /* UIViewController+ErrorAlert.swift in Sources */,
				E65AA39B21CBA72900E58856 /* OperationQueue+Completion.swift in Sources */,
				3035210C1C88EF6A00436351 /* DynamicTableViewController.swift in Sources */,
				E630CB802145C1B200386CBF /* StringProtocol+OptionalConcat.swift in Sources */,
				E6A88ADF235889D7001550CE /* TableView.swift in Sources */,
				E61C31571FC4474E00C43068 /* UITableView.swift in Sources */,
				303521141C88EF6A00436351 /* UINavigationControllerPerspectiveAnimator.swift in Sources */,
				303521171C88EF6A00436351 /* UINavigationControllerReplaceLastSegue.swift in Sources */,
				E6A094C420360A4A0066214E /* CGSize+Scale.swift in Sources */,
				99CDAC9F1CFC30750090960D /* UIControl+Action.swift in Sources */,
				E6E87610221A9AE00016F53D /* UserDefaults+Date.swift in Sources */,
				E6E71BF31F0A7CDA000980C5 /* MHAppKit.swift in Sources */,
				99402A681D0AE99300412ED5 /* UIColor+HEX.swift in Sources */,
				E6AE7EEC2563DCC000FAD912 /* OptionalType.swift in Sources */,
				E6F03EDC23042BAD0064D0F4 /* PassthroughView.swift in Sources */,
				E69CE96421CB95720029D199 /* OperationQueue+ConvenienceInit.swift in Sources */,
				E680314221A20A7F003D0159 /* String+NilEmpty.swift in Sources */,
				E6AE7F292564111B00FAD912 /* Result+Getters.swift in Sources */,
				303521301C88F00D00436351 /* UILabel.swift in Sources */,
				99387BD71DFAB7BB008F5FDB /* Timer+Closures.swift in Sources */,
				3035212B1C88F00D00436351 /* UIViewController.swift in Sources */,
				E6AE7F382564138900FAD912 /* Dictionary+KeysSubscript.swift in Sources */,
				E6E71C061F0A8EA6000980C5 /* PHAsset+Metadata.swift in Sources */,
				E60A582021F26699005E0032 /* UIImagePickerControllerMediaInfo+DataExport.swift in Sources */,
				E6FE9F3A1F2622180094CC5B /* TimeInterval+TimeConvertion.swift in Sources */,
				303521291C88F00D00436351 /* UIViewController+Lookup.swift in Sources */,
				303521111C88EF6A00436351 /* StaticTableViewController.swift in Sources */,
				3035210E1C88EF6A00436351 /* PageViewController.swift in Sources */,
				E6AE7EF42563DCDC00FAD912 /* OptionalTypeVerifiable.swift in Sources */,
				99E247CF1CE749FD006726BA /* DynamicSizeTableFooterView.swift in Sources */,
				E69113B820E4FD1200749F6B /* String+UUID.swift in Sources */,
				E6DC21191EFBEDDE008D182A /* ShowHideAnimator.swift in Sources */,
				3035212A1C88F00D00436351 /* UIViewController+UIAlertController.swift in Sources */,
				E696BCCC1F7C2F9A00AF02DF /* UIVIew+Chaining.swift in Sources */,
				E6E382932019E15300039892 /* UIResponder.swift in Sources */,
				3035212D1C88F00D00436351 /* UIWindow+Background.swift in Sources */,
				99CDAD6A1CFC7C810090960D /* UIBarButtonItem+Action.swift in Sources */,
				E69113B620E4FCC600749F6B /* UIApplication+BackgroundTask.swift in Sources */,
				E64C2C38230AC9FF007E3FBF /* UIScrollView+IBContentInsetAdjustment.swift in Sources */,
				3035212C1C88F00D00436351 /* UINavigationController+Background.swift in Sources */,
				E6E71BF51F0A7D52000980C5 /* UIImage+Data.swift in Sources */,
				E69113BB20E4FD4A00749F6B /* UNMutableNotificationContent+Factory.swift in Sources */,
				303520F91C88EF2800436351 /* Label.swift in Sources */,
				E696BCC81F7C2E9700AF02DF /* UIView+Lookup.swift in Sources */,
				303520F71C88EF2800436351 /* TableViewCell.swift in Sources */,
				E691C37422367C1C004F93FD /* AsyncOperation.swift in Sources */,
				3035212E1C88F00D00436351 /* NSError+Presentation.swift in Sources */,
			);
			runOnlyForDeploymentPostprocessing = 0;
		};
		303520B41C88EDCC00436351 /* Sources */ = {
			isa = PBXSourcesBuildPhase;
			buildActionMask = 2147483647;
			files = (
				9989F82B1CF71F7300B4EDC5 /* XCTestExtensions.swift in Sources */,
				E694634A22143A470045DA5D /* CollectionTests.swift in Sources */,
				303520BB1C88EDCC00436351 /* MHAppKitTests.swift in Sources */,
				E6FE9F861F276EF40094CC5B /* UIControlGroupTests.swift in Sources */,
				E616A2A223A138D300C83ED7 /* HostDependantTests.swift in Sources */,
				99402A6A1D0AEA5700412ED5 /* UIColorTests.swift in Sources */,
				E6D1EE4420035C3E00B9B300 /* OperationsTests.swift in Sources */,
				E630CB832145C48000386CBF /* StringTests.swift in Sources */,
				E6FE9F411F2622C30094CC5B /* DateTests.swift in Sources */,
				E630CB852145C57A00386CBF /* CGSizeScalingTests.swift in Sources */,
				E6AE7F122563E65500FAD912 /* UserDefaultsTests.swift in Sources */,
				E65AA39D21CBA8B500E58856 /* OperationQueueTests.swift in Sources */,
				E6AE7EF92563DD1200FAD912 /* OptionalTests.swift in Sources */,
			);
			runOnlyForDeploymentPostprocessing = 0;
		};
		9912AA861D81E60D00DE25FC /* Sources */ = {
			isa = PBXSourcesBuildPhase;
			buildActionMask = 2147483647;
			files = (
				99B3FAD11D9ABD8A00D96199 /* XCTestExtensions.swift in Sources */,
				9912AA8D1D81E60D00DE25FC /* MHAppKitUITests.swift in Sources */,
			);
			runOnlyForDeploymentPostprocessing = 0;
		};
		99CDAD471CFC68070090960D /* Sources */ = {
			isa = PBXSourcesBuildPhase;
			buildActionMask = 2147483647;
			files = (
				E60E8D731FC373BB009CE622 /* TestNibView.swift in Sources */,
				E6D1EE462003F55400B9B300 /* RefreshStaticTableViewController.swift in Sources */,
				99CDAD501CFC68070090960D /* ViewController.swift in Sources */,
				99CDAD4E1CFC68070090960D /* AppDelegate.swift in Sources */,
			);
			runOnlyForDeploymentPostprocessing = 0;
		};
/* End PBXSourcesBuildPhase section */

/* Begin PBXTargetDependency section */
		303520BF1C88EDCC00436351 /* PBXTargetDependency */ = {
			isa = PBXTargetDependency;
			target = 3035205D1C88EB3500436351 /* MHAppKit */;
			targetProxy = 303520BE1C88EDCC00436351 /* PBXContainerItemProxy */;
		};
		9912AA901D81E60D00DE25FC /* PBXTargetDependency */ = {
			isa = PBXTargetDependency;
			target = 99CDAD4A1CFC68070090960D /* MHAppKitTestsHost */;
			targetProxy = 9912AA8F1D81E60D00DE25FC /* PBXContainerItemProxy */;
		};
		9912AA951D81E97900DE25FC /* PBXTargetDependency */ = {
			isa = PBXTargetDependency;
			target = 3035205D1C88EB3500436351 /* MHAppKit */;
			targetProxy = 9912AA941D81E97900DE25FC /* PBXContainerItemProxy */;
		};
		99CDAD5E1CFC68180090960D /* PBXTargetDependency */ = {
			isa = PBXTargetDependency;
			target = 99CDAD4A1CFC68070090960D /* MHAppKitTestsHost */;
			targetProxy = 99CDAD5D1CFC68180090960D /* PBXContainerItemProxy */;
		};
/* End PBXTargetDependency section */

/* Begin PBXVariantGroup section */
		99CDAD511CFC68070090960D /* Main.storyboard */ = {
			isa = PBXVariantGroup;
			children = (
				99CDAD521CFC68070090960D /* Base */,
			);
			name = Main.storyboard;
			sourceTree = "<group>";
		};
		99CDAD561CFC68070090960D /* LaunchScreen.storyboard */ = {
			isa = PBXVariantGroup;
			children = (
				99CDAD571CFC68070090960D /* Base */,
			);
			name = LaunchScreen.storyboard;
			sourceTree = "<group>";
		};
/* End PBXVariantGroup section */

/* Begin XCBuildConfiguration section */
		303520641C88EB3500436351 /* Debug */ = {
			isa = XCBuildConfiguration;
			buildSettings = {
				ALWAYS_SEARCH_USER_PATHS = NO;
				CLANG_CXX_LANGUAGE_STANDARD = "gnu++0x";
				CLANG_CXX_LIBRARY = "libc++";
				CLANG_ENABLE_MODULES = YES;
				CLANG_ENABLE_OBJC_ARC = YES;
				CLANG_WARN_BLOCK_CAPTURE_AUTORELEASING = YES;
				CLANG_WARN_BOOL_CONVERSION = YES;
				CLANG_WARN_COMMA = YES;
				CLANG_WARN_CONSTANT_CONVERSION = YES;
				CLANG_WARN_DEPRECATED_OBJC_IMPLEMENTATIONS = YES;
				CLANG_WARN_DIRECT_OBJC_ISA_USAGE = YES_ERROR;
				CLANG_WARN_EMPTY_BODY = YES;
				CLANG_WARN_ENUM_CONVERSION = YES;
				CLANG_WARN_INFINITE_RECURSION = YES;
				CLANG_WARN_INT_CONVERSION = YES;
				CLANG_WARN_NON_LITERAL_NULL_CONVERSION = YES;
				CLANG_WARN_OBJC_IMPLICIT_RETAIN_SELF = YES;
				CLANG_WARN_OBJC_LITERAL_CONVERSION = YES;
				CLANG_WARN_OBJC_ROOT_CLASS = YES_ERROR;
				CLANG_WARN_QUOTED_INCLUDE_IN_FRAMEWORK_HEADER = YES;
				CLANG_WARN_RANGE_LOOP_ANALYSIS = YES;
				CLANG_WARN_STRICT_PROTOTYPES = YES;
				CLANG_WARN_SUSPICIOUS_MOVE = YES;
				CLANG_WARN_UNREACHABLE_CODE = YES;
				CLANG_WARN__DUPLICATE_METHOD_MATCH = YES;
				COPY_PHASE_STRIP = NO;
				CURRENT_PROJECT_VERSION = 1;
				DEBUG_INFORMATION_FORMAT = dwarf;
				ENABLE_STRICT_OBJC_MSGSEND = YES;
				ENABLE_TESTABILITY = YES;
				GCC_C_LANGUAGE_STANDARD = gnu99;
				GCC_DYNAMIC_NO_PIC = NO;
				GCC_NO_COMMON_BLOCKS = YES;
				GCC_OPTIMIZATION_LEVEL = 0;
				GCC_PREPROCESSOR_DEFINITIONS = (
					"DEBUG=1",
					"$(inherited)",
				);
				GCC_WARN_64_TO_32_BIT_CONVERSION = YES;
				GCC_WARN_ABOUT_RETURN_TYPE = YES_ERROR;
				GCC_WARN_UNDECLARED_SELECTOR = YES;
				GCC_WARN_UNINITIALIZED_AUTOS = YES_AGGRESSIVE;
				GCC_WARN_UNUSED_FUNCTION = YES;
				GCC_WARN_UNUSED_VARIABLE = YES;
				IPHONEOS_DEPLOYMENT_TARGET = 11.0;
				MTL_ENABLE_DEBUG_INFO = YES;
				ONLY_ACTIVE_ARCH = YES;
				SDKROOT = iphoneos;
				SUPPORTS_MACCATALYST = NO;
				SWIFT_OPTIMIZATION_LEVEL = "-Onone";
				TARGETED_DEVICE_FAMILY = "1,2";
				VERSIONING_SYSTEM = "apple-generic";
				VERSION_INFO_PREFIX = "";
			};
			name = Debug;
		};
		303520651C88EB3500436351 /* Release */ = {
			isa = XCBuildConfiguration;
			buildSettings = {
				ALWAYS_SEARCH_USER_PATHS = NO;
				CLANG_CXX_LANGUAGE_STANDARD = "gnu++0x";
				CLANG_CXX_LIBRARY = "libc++";
				CLANG_ENABLE_MODULES = YES;
				CLANG_ENABLE_OBJC_ARC = YES;
				CLANG_WARN_BLOCK_CAPTURE_AUTORELEASING = YES;
				CLANG_WARN_BOOL_CONVERSION = YES;
				CLANG_WARN_COMMA = YES;
				CLANG_WARN_CONSTANT_CONVERSION = YES;
				CLANG_WARN_DEPRECATED_OBJC_IMPLEMENTATIONS = YES;
				CLANG_WARN_DIRECT_OBJC_ISA_USAGE = YES_ERROR;
				CLANG_WARN_EMPTY_BODY = YES;
				CLANG_WARN_ENUM_CONVERSION = YES;
				CLANG_WARN_INFINITE_RECURSION = YES;
				CLANG_WARN_INT_CONVERSION = YES;
				CLANG_WARN_NON_LITERAL_NULL_CONVERSION = YES;
				CLANG_WARN_OBJC_IMPLICIT_RETAIN_SELF = YES;
				CLANG_WARN_OBJC_LITERAL_CONVERSION = YES;
				CLANG_WARN_OBJC_ROOT_CLASS = YES_ERROR;
				CLANG_WARN_QUOTED_INCLUDE_IN_FRAMEWORK_HEADER = YES;
				CLANG_WARN_RANGE_LOOP_ANALYSIS = YES;
				CLANG_WARN_STRICT_PROTOTYPES = YES;
				CLANG_WARN_SUSPICIOUS_MOVE = YES;
				CLANG_WARN_UNREACHABLE_CODE = YES;
				CLANG_WARN__DUPLICATE_METHOD_MATCH = YES;
				COPY_PHASE_STRIP = NO;
				CURRENT_PROJECT_VERSION = 1;
				DEBUG_INFORMATION_FORMAT = "dwarf-with-dsym";
				ENABLE_NS_ASSERTIONS = NO;
				ENABLE_STRICT_OBJC_MSGSEND = YES;
				GCC_C_LANGUAGE_STANDARD = gnu99;
				GCC_NO_COMMON_BLOCKS = YES;
				GCC_WARN_64_TO_32_BIT_CONVERSION = YES;
				GCC_WARN_ABOUT_RETURN_TYPE = YES_ERROR;
				GCC_WARN_UNDECLARED_SELECTOR = YES;
				GCC_WARN_UNINITIALIZED_AUTOS = YES_AGGRESSIVE;
				GCC_WARN_UNUSED_FUNCTION = YES;
				GCC_WARN_UNUSED_VARIABLE = YES;
				IPHONEOS_DEPLOYMENT_TARGET = 11.0;
				MTL_ENABLE_DEBUG_INFO = NO;
				SDKROOT = iphoneos;
				SUPPORTS_MACCATALYST = NO;
				SWIFT_OPTIMIZATION_LEVEL = "-Owholemodule";
				TARGETED_DEVICE_FAMILY = "1,2";
				VALIDATE_PRODUCT = YES;
				VERSIONING_SYSTEM = "apple-generic";
				VERSION_INFO_PREFIX = "";
			};
			name = Release;
		};
		303520671C88EB3500436351 /* Debug */ = {
			isa = XCBuildConfiguration;
			buildSettings = {
				CLANG_ENABLE_MODULES = YES;
				DEFINES_MODULE = YES;
				DYLIB_COMPATIBILITY_VERSION = 1;
				DYLIB_CURRENT_VERSION = 1;
				DYLIB_INSTALL_NAME_BASE = "@rpath";
				INFOPLIST_FILE = MHAppKit/Info.plist;
				INSTALL_PATH = "$(LOCAL_LIBRARY_DIR)/Frameworks";
				LD_RUNPATH_SEARCH_PATHS = "$(inherited) @executable_path/Frameworks @loader_path/Frameworks";
				MARKETING_VERSION = 1.12.0;
				PRODUCT_BUNDLE_IDENTIFIER = com.KoCMoHaBTa.MHAppKit;
				PRODUCT_NAME = "$(TARGET_NAME)";
				SKIP_INSTALL = YES;
				SWIFT_OPTIMIZATION_LEVEL = "-Onone";
				SWIFT_VERSION = 5.0;
			};
			name = Debug;
		};
		303520681C88EB3500436351 /* Release */ = {
			isa = XCBuildConfiguration;
			buildSettings = {
				CLANG_ENABLE_MODULES = YES;
				DEFINES_MODULE = YES;
				DYLIB_COMPATIBILITY_VERSION = 1;
				DYLIB_CURRENT_VERSION = 1;
				DYLIB_INSTALL_NAME_BASE = "@rpath";
				INFOPLIST_FILE = MHAppKit/Info.plist;
				INSTALL_PATH = "$(LOCAL_LIBRARY_DIR)/Frameworks";
				LD_RUNPATH_SEARCH_PATHS = "$(inherited) @executable_path/Frameworks @loader_path/Frameworks";
				MARKETING_VERSION = 1.12.0;
				PRODUCT_BUNDLE_IDENTIFIER = com.KoCMoHaBTa.MHAppKit;
				PRODUCT_NAME = "$(TARGET_NAME)";
				SKIP_INSTALL = YES;
				SWIFT_VERSION = 5.0;
			};
			name = Release;
		};
		303520C11C88EDCC00436351 /* Debug */ = {
			isa = XCBuildConfiguration;
			buildSettings = {
				BUNDLE_LOADER = "$(TEST_HOST)";
				CLANG_ENABLE_MODULES = YES;
				INFOPLIST_FILE = MHAppKitTests/Info.plist;
				LD_RUNPATH_SEARCH_PATHS = "$(inherited) @executable_path/Frameworks @loader_path/Frameworks";
				PRODUCT_BUNDLE_IDENTIFIER = com.KoCMoHaBTa.MHAppKitTests;
				PRODUCT_NAME = "$(TARGET_NAME)";
				SWIFT_OPTIMIZATION_LEVEL = "-Onone";
				SWIFT_VERSION = 5.0;
				TEST_HOST = "$(BUILT_PRODUCTS_DIR)/MHAppKitTestsHost.app/MHAppKitTestsHost";
			};
			name = Debug;
		};
		303520C21C88EDCC00436351 /* Release */ = {
			isa = XCBuildConfiguration;
			buildSettings = {
				BUNDLE_LOADER = "$(TEST_HOST)";
				CLANG_ENABLE_MODULES = YES;
				INFOPLIST_FILE = MHAppKitTests/Info.plist;
				LD_RUNPATH_SEARCH_PATHS = "$(inherited) @executable_path/Frameworks @loader_path/Frameworks";
				PRODUCT_BUNDLE_IDENTIFIER = com.KoCMoHaBTa.MHAppKitTests;
				PRODUCT_NAME = "$(TARGET_NAME)";
				SWIFT_VERSION = 5.0;
				TEST_HOST = "$(BUILT_PRODUCTS_DIR)/MHAppKitTestsHost.app/MHAppKitTestsHost";
			};
			name = Release;
		};
		9912AA911D81E60D00DE25FC /* Debug */ = {
			isa = XCBuildConfiguration;
			buildSettings = {
				CLANG_ANALYZER_NONNULL = YES;
				CLANG_WARN_DOCUMENTATION_COMMENTS = YES;
				CLANG_WARN_INFINITE_RECURSION = YES;
				CLANG_WARN_SUSPICIOUS_MOVES = YES;
				INFOPLIST_FILE = MHAppKitUITests/Info.plist;
				IPHONEOS_DEPLOYMENT_TARGET = 11.0;
				LD_RUNPATH_SEARCH_PATHS = "$(inherited) @executable_path/Frameworks @loader_path/Frameworks";
				PRODUCT_BUNDLE_IDENTIFIER = com.KoCMoHaBTa.MHAppKitUITests;
				PRODUCT_NAME = "$(TARGET_NAME)";
				SWIFT_ACTIVE_COMPILATION_CONDITIONS = DEBUG;
				SWIFT_VERSION = 5.0;
				TEST_TARGET_NAME = MHAppKitTestsHost;
			};
			name = Debug;
		};
		9912AA921D81E60D00DE25FC /* Release */ = {
			isa = XCBuildConfiguration;
			buildSettings = {
				CLANG_ANALYZER_NONNULL = YES;
				CLANG_WARN_DOCUMENTATION_COMMENTS = YES;
				CLANG_WARN_INFINITE_RECURSION = YES;
				CLANG_WARN_SUSPICIOUS_MOVES = YES;
				INFOPLIST_FILE = MHAppKitUITests/Info.plist;
				IPHONEOS_DEPLOYMENT_TARGET = 11.0;
				LD_RUNPATH_SEARCH_PATHS = "$(inherited) @executable_path/Frameworks @loader_path/Frameworks";
				PRODUCT_BUNDLE_IDENTIFIER = com.KoCMoHaBTa.MHAppKitUITests;
				PRODUCT_NAME = "$(TARGET_NAME)";
				SWIFT_OPTIMIZATION_LEVEL = "-Owholemodule";
				SWIFT_VERSION = 5.0;
				TEST_TARGET_NAME = MHAppKitTestsHost;
			};
			name = Release;
		};
		99CDAD5A1CFC68070090960D /* Debug */ = {
			isa = XCBuildConfiguration;
			buildSettings = {
				ALWAYS_EMBED_SWIFT_STANDARD_LIBRARIES = YES;
				ASSETCATALOG_COMPILER_APPICON_NAME = AppIcon;
				CLANG_ANALYZER_NONNULL = YES;
				"CODE_SIGN_IDENTITY[sdk=iphoneos*]" = "iPhone Developer";
				DEVELOPMENT_TEAM = W2ZM5597BG;
				INFOPLIST_FILE = MHAppKitTestsHost/Info.plist;
				LD_RUNPATH_SEARCH_PATHS = "$(inherited) @executable_path/Frameworks";
				PRODUCT_BUNDLE_IDENTIFIER = com.KoCMoHaBTa.MHAppKitTestsHost2;
				PRODUCT_NAME = "$(TARGET_NAME)";
				PROVISIONING_PROFILE_SPECIFIER = "";
				SWIFT_VERSION = 5.0;
			};
			name = Debug;
		};
		99CDAD5B1CFC68070090960D /* Release */ = {
			isa = XCBuildConfiguration;
			buildSettings = {
				ALWAYS_EMBED_SWIFT_STANDARD_LIBRARIES = YES;
				ASSETCATALOG_COMPILER_APPICON_NAME = AppIcon;
				CLANG_ANALYZER_NONNULL = YES;
				"CODE_SIGN_IDENTITY[sdk=iphoneos*]" = "iPhone Developer";
				DEVELOPMENT_TEAM = W2ZM5597BG;
				INFOPLIST_FILE = MHAppKitTestsHost/Info.plist;
				LD_RUNPATH_SEARCH_PATHS = "$(inherited) @executable_path/Frameworks";
				PRODUCT_BUNDLE_IDENTIFIER = com.KoCMoHaBTa.MHAppKitTestsHost2;
				PRODUCT_NAME = "$(TARGET_NAME)";
				PROVISIONING_PROFILE_SPECIFIER = "";
				SWIFT_VERSION = 5.0;
			};
			name = Release;
		};
/* End XCBuildConfiguration section */

/* Begin XCConfigurationList section */
		303520581C88EB3500436351 /* Build configuration list for PBXProject "MHAppKit" */ = {
			isa = XCConfigurationList;
			buildConfigurations = (
				303520641C88EB3500436351 /* Debug */,
				303520651C88EB3500436351 /* Release */,
			);
			defaultConfigurationIsVisible = 0;
			defaultConfigurationName = Release;
		};
		303520661C88EB3500436351 /* Build configuration list for PBXNativeTarget "MHAppKit" */ = {
			isa = XCConfigurationList;
			buildConfigurations = (
				303520671C88EB3500436351 /* Debug */,
				303520681C88EB3500436351 /* Release */,
			);
			defaultConfigurationIsVisible = 0;
			defaultConfigurationName = Release;
		};
		303520C01C88EDCC00436351 /* Build configuration list for PBXNativeTarget "MHAppKitTests" */ = {
			isa = XCConfigurationList;
			buildConfigurations = (
				303520C11C88EDCC00436351 /* Debug */,
				303520C21C88EDCC00436351 /* Release */,
			);
			defaultConfigurationIsVisible = 0;
			defaultConfigurationName = Release;
		};
		9912AA931D81E60D00DE25FC /* Build configuration list for PBXNativeTarget "MHAppKitUITests" */ = {
			isa = XCConfigurationList;
			buildConfigurations = (
				9912AA911D81E60D00DE25FC /* Debug */,
				9912AA921D81E60D00DE25FC /* Release */,
			);
			defaultConfigurationIsVisible = 0;
			defaultConfigurationName = Release;
		};
		99CDAD5C1CFC68070090960D /* Build configuration list for PBXNativeTarget "MHAppKitTestsHost" */ = {
			isa = XCConfigurationList;
			buildConfigurations = (
				99CDAD5A1CFC68070090960D /* Debug */,
				99CDAD5B1CFC68070090960D /* Release */,
			);
			defaultConfigurationIsVisible = 0;
			defaultConfigurationName = Release;
		};
/* End XCConfigurationList section */
	};
	rootObject = 303520551C88EB3500436351 /* Project object */;
}
