// !$*UTF8*$!
{
	archiveVersion = 1;
	classes = {
	};
	objectVersion = 46;
	objects = {

/* Begin PBXBuildFile section */
		303520621C88EB3500436351 /* MHAppKit.h in Headers */ = {isa = PBXBuildFile; fileRef = 303520611C88EB3500436351 /* MHAppKit.h */; settings = {ATTRIBUTES = (Public, ); }; };
		303520BB1C88EDCC00436351 /* MHAppKitTests.swift in Sources */ = {isa = PBXBuildFile; fileRef = 303520BA1C88EDCC00436351 /* MHAppKitTests.swift */; };
		303520BD1C88EDCC00436351 /* MHAppKit.framework in Frameworks */ = {isa = PBXBuildFile; fileRef = 3035205E1C88EB3500436351 /* MHAppKit.framework */; };
		303520F61C88EF2800436351 /* TextView.swift in Sources */ = {isa = PBXBuildFile; fileRef = 303520F11C88EF2800436351 /* TextView.swift */; };
		303520F71C88EF2800436351 /* TableViewCell.swift in Sources */ = {isa = PBXBuildFile; fileRef = 303520F21C88EF2800436351 /* TableViewCell.swift */; };
		303520F81C88EF2800436351 /* BadgeLabel.swift in Sources */ = {isa = PBXBuildFile; fileRef = 303520F31C88EF2800436351 /* BadgeLabel.swift */; };
		303520F91C88EF2800436351 /* Label.swift in Sources */ = {isa = PBXBuildFile; fileRef = 303520F41C88EF2800436351 /* Label.swift */; };
		303520FA1C88EF2800436351 /* ExtendedHitView.swift in Sources */ = {isa = PBXBuildFile; fileRef = 303520F51C88EF2800436351 /* ExtendedHitView.swift */; };
		3035210B1C88EF6A00436351 /* CollectionViewController.swift in Sources */ = {isa = PBXBuildFile; fileRef = 303520FC1C88EF6A00436351 /* CollectionViewController.swift */; };
		3035210C1C88EF6A00436351 /* DynamicTableViewController.swift in Sources */ = {isa = PBXBuildFile; fileRef = 303520FD1C88EF6A00436351 /* DynamicTableViewController.swift */; };
		3035210D1C88EF6A00436351 /* NavigationController.swift in Sources */ = {isa = PBXBuildFile; fileRef = 303520FE1C88EF6A00436351 /* NavigationController.swift */; };
		3035210E1C88EF6A00436351 /* PageViewController.swift in Sources */ = {isa = PBXBuildFile; fileRef = 303520FF1C88EF6A00436351 /* PageViewController.swift */; };
		3035210F1C88EF6A00436351 /* PickerViewController.swift in Sources */ = {isa = PBXBuildFile; fileRef = 303521001C88EF6A00436351 /* PickerViewController.swift */; };
		303521101C88EF6A00436351 /* PickerViewController.xib in Resources */ = {isa = PBXBuildFile; fileRef = 303521011C88EF6A00436351 /* PickerViewController.xib */; };
		303521111C88EF6A00436351 /* StaticTableViewController.swift in Sources */ = {isa = PBXBuildFile; fileRef = 303521021C88EF6A00436351 /* StaticTableViewController.swift */; };
		303521121C88EF6A00436351 /* ViewController.swift in Sources */ = {isa = PBXBuildFile; fileRef = 303521031C88EF6A00436351 /* ViewController.swift */; };
		303521131C88EF6A00436351 /* BlockAnimator.swift in Sources */ = {isa = PBXBuildFile; fileRef = 303521051C88EF6A00436351 /* BlockAnimator.swift */; };
		303521141C88EF6A00436351 /* UINavigationControllerPerspectiveAnimator.swift in Sources */ = {isa = PBXBuildFile; fileRef = 303521061C88EF6A00436351 /* UINavigationControllerPerspectiveAnimator.swift */; };
		303521151C88EF6A00436351 /* UIViewTransitionAnimator.swift in Sources */ = {isa = PBXBuildFile; fileRef = 303521071C88EF6A00436351 /* UIViewTransitionAnimator.swift */; };
		303521161C88EF6A00436351 /* UINavigationControllerReplaceAllSegue.swift in Sources */ = {isa = PBXBuildFile; fileRef = 303521091C88EF6A00436351 /* UINavigationControllerReplaceAllSegue.swift */; };
		303521171C88EF6A00436351 /* UINavigationControllerReplaceLastSegue.swift in Sources */ = {isa = PBXBuildFile; fileRef = 3035210A1C88EF6A00436351 /* UINavigationControllerReplaceLastSegue.swift */; };
		303521281C88F00D00436351 /* UIViewController+Container.swift in Sources */ = {isa = PBXBuildFile; fileRef = 3035211A1C88F00D00436351 /* UIViewController+Container.swift */; };
		303521291C88F00D00436351 /* UIViewController+Lookup.swift in Sources */ = {isa = PBXBuildFile; fileRef = 3035211B1C88F00D00436351 /* UIViewController+Lookup.swift */; };
		3035212A1C88F00D00436351 /* UIViewController+UIAlertController.swift in Sources */ = {isa = PBXBuildFile; fileRef = 3035211C1C88F00D00436351 /* UIViewController+UIAlertController.swift */; };
		3035212B1C88F00D00436351 /* UIViewController.swift in Sources */ = {isa = PBXBuildFile; fileRef = 3035211D1C88F00D00436351 /* UIViewController.swift */; };
		3035212C1C88F00D00436351 /* UINavigationController+Background.swift in Sources */ = {isa = PBXBuildFile; fileRef = 3035211F1C88F00D00436351 /* UINavigationController+Background.swift */; };
		3035212D1C88F00D00436351 /* UIWindow+Background.swift in Sources */ = {isa = PBXBuildFile; fileRef = 303521211C88F00D00436351 /* UIWindow+Background.swift */; };
		3035212E1C88F00D00436351 /* NSError+Presentation.swift in Sources */ = {isa = PBXBuildFile; fileRef = 303521231C88F00D00436351 /* NSError+Presentation.swift */; };
		303521301C88F00D00436351 /* UILabel.swift in Sources */ = {isa = PBXBuildFile; fileRef = 303521271C88F00D00436351 /* UILabel.swift */; };
		9912AA8D1D81E60D00DE25FC /* MHAppKitUITests.swift in Sources */ = {isa = PBXBuildFile; fileRef = 9912AA8C1D81E60D00DE25FC /* MHAppKitUITests.swift */; };
		9912AA971D81EB0500DE25FC /* MHAppKit.framework in Frameworks */ = {isa = PBXBuildFile; fileRef = 3035205E1C88EB3500436351 /* MHAppKit.framework */; };
		9912AA981D81EB0500DE25FC /* MHAppKit.framework in Embed Frameworks */ = {isa = PBXBuildFile; fileRef = 3035205E1C88EB3500436351 /* MHAppKit.framework */; settings = {ATTRIBUTES = (CodeSignOnCopy, RemoveHeadersOnCopy, ); }; };
		99364A2C1DB66BB400CD0864 /* SegueCoordinator.swift in Sources */ = {isa = PBXBuildFile; fileRef = 99364A2B1DB66BB400CD0864 /* SegueCoordinator.swift */; };
		99364A2E1DB66C1400CD0864 /* UIViewController+SegueCoordinator.swift in Sources */ = {isa = PBXBuildFile; fileRef = 99364A2D1DB66C1400CD0864 /* UIViewController+SegueCoordinator.swift */; };
		99364A301DB670A500CD0864 /* SegueCoordinatorTests.swift in Sources */ = {isa = PBXBuildFile; fileRef = 99364A2F1DB670A500CD0864 /* SegueCoordinatorTests.swift */; };
		99387BD71DFAB7BB008F5FDB /* Timer+Closures.swift in Sources */ = {isa = PBXBuildFile; fileRef = 99387BD61DFAB7BB008F5FDB /* Timer+Closures.swift */; };
		99402A541D09609600412ED5 /* UIImage.swift in Sources */ = {isa = PBXBuildFile; fileRef = 99402A531D09609600412ED5 /* UIImage.swift */; };
		99402A681D0AE99300412ED5 /* UIColor.swift in Sources */ = {isa = PBXBuildFile; fileRef = 99402A671D0AE99300412ED5 /* UIColor.swift */; };
		99402A6A1D0AEA5700412ED5 /* UIColorTests.swift in Sources */ = {isa = PBXBuildFile; fileRef = 99402A691D0AEA5700412ED5 /* UIColorTests.swift */; };
		9989F82B1CF71F7300B4EDC5 /* XCTestExtensions.swift in Sources */ = {isa = PBXBuildFile; fileRef = 9989F82A1CF71F7300B4EDC5 /* XCTestExtensions.swift */; };
		99B3FAD11D9ABD8A00D96199 /* XCTestExtensions.swift in Sources */ = {isa = PBXBuildFile; fileRef = 9989F82A1CF71F7300B4EDC5 /* XCTestExtensions.swift */; };
		99B3FAD21D9ABE9100D96199 /* MFMailComposeViewController+CompletionHandler.swift in Sources */ = {isa = PBXBuildFile; fileRef = 99B0FCFE1CFDC6720028E56A /* MFMailComposeViewController+CompletionHandler.swift */; };
		99CDAC9F1CFC30750090960D /* UIControl+Action.swift in Sources */ = {isa = PBXBuildFile; fileRef = 99CDAC9E1CFC30750090960D /* UIControl+Action.swift */; };
		99CDAD4E1CFC68070090960D /* AppDelegate.swift in Sources */ = {isa = PBXBuildFile; fileRef = 99CDAD4D1CFC68070090960D /* AppDelegate.swift */; };
		99CDAD501CFC68070090960D /* ViewController.swift in Sources */ = {isa = PBXBuildFile; fileRef = 99CDAD4F1CFC68070090960D /* ViewController.swift */; };
		99CDAD531CFC68070090960D /* Main.storyboard in Resources */ = {isa = PBXBuildFile; fileRef = 99CDAD511CFC68070090960D /* Main.storyboard */; };
		99CDAD551CFC68070090960D /* Assets.xcassets in Resources */ = {isa = PBXBuildFile; fileRef = 99CDAD541CFC68070090960D /* Assets.xcassets */; };
		99CDAD581CFC68070090960D /* LaunchScreen.storyboard in Resources */ = {isa = PBXBuildFile; fileRef = 99CDAD561CFC68070090960D /* LaunchScreen.storyboard */; };
		99CDAD681CFC7C710090960D /* UIButton.swift in Sources */ = {isa = PBXBuildFile; fileRef = 99CDAD671CFC7C710090960D /* UIButton.swift */; };
		99CDAD6A1CFC7C810090960D /* UIBarButtonItem+Action.swift in Sources */ = {isa = PBXBuildFile; fileRef = 99CDAD691CFC7C810090960D /* UIBarButtonItem+Action.swift */; };
		99D76D051E8A47A70077CDDE /* UIViewController+SegueCoordinator.h in Headers */ = {isa = PBXBuildFile; fileRef = 99D76D031E8A47A70077CDDE /* UIViewController+SegueCoordinator.h */; };
		99D76D061E8A47A70077CDDE /* UIViewController+SegueCoordinator.m in Sources */ = {isa = PBXBuildFile; fileRef = 99D76D041E8A47A70077CDDE /* UIViewController+SegueCoordinator.m */; };
		99E247CB1CE749E5006726BA /* DynamicSizeTableSuplementaryView.swift in Sources */ = {isa = PBXBuildFile; fileRef = 99E247CA1CE749E5006726BA /* DynamicSizeTableSuplementaryView.swift */; };
		99E247CD1CE749F2006726BA /* DynamicSizeTableHeaderView.swift in Sources */ = {isa = PBXBuildFile; fileRef = 99E247CC1CE749F2006726BA /* DynamicSizeTableHeaderView.swift */; };
		99E247CF1CE749FD006726BA /* DynamicSizeTableFooterView.swift in Sources */ = {isa = PBXBuildFile; fileRef = 99E247CE1CE749FD006726BA /* DynamicSizeTableFooterView.swift */; };
		E6DC21191EFBEDDE008D182A /* ShowHideAnimator.swift in Sources */ = {isa = PBXBuildFile; fileRef = E6DC21181EFBEDDE008D182A /* ShowHideAnimator.swift */; };
		E6E71BF31F0A7CDA000980C5 /* MHAppKit.swift in Sources */ = {isa = PBXBuildFile; fileRef = E6E71BF21F0A7CDA000980C5 /* MHAppKit.swift */; };
		E6E71BF51F0A7D52000980C5 /* UIImage+Data.swift in Sources */ = {isa = PBXBuildFile; fileRef = E6E71BF41F0A7D52000980C5 /* UIImage+Data.swift */; };
		E6E71BF81F0A7D9A000980C5 /* UIImagePickerController+MediaInfo.swift in Sources */ = {isa = PBXBuildFile; fileRef = E6E71BF71F0A7D9A000980C5 /* UIImagePickerController+MediaInfo.swift */; };
		E6E71C031F0A8B02000980C5 /* CLLocation+CGImagePropertyGPS.swift in Sources */ = {isa = PBXBuildFile; fileRef = E6E71C021F0A8B02000980C5 /* CLLocation+CGImagePropertyGPS.swift */; };
		E6E71C061F0A8EA6000980C5 /* PHAsset+Metadata.swift in Sources */ = {isa = PBXBuildFile; fileRef = E6E71C051F0A8EA6000980C5 /* PHAsset+Metadata.swift */; };
		E6E71C081F0A90A0000980C5 /* UIImagePickerController+Media.swift in Sources */ = {isa = PBXBuildFile; fileRef = E6E71C071F0A90A0000980C5 /* UIImagePickerController+Media.swift */; };
		E6E71C0B1F0A9658000980C5 /* PHPhotoLibrary+Save.swift in Sources */ = {isa = PBXBuildFile; fileRef = E6E71C0A1F0A9658000980C5 /* PHPhotoLibrary+Save.swift */; };
/* End PBXBuildFile section */

/* Begin PBXContainerItemProxy section */
		303520BE1C88EDCC00436351 /* PBXContainerItemProxy */ = {
			isa = PBXContainerItemProxy;
			containerPortal = 303520551C88EB3500436351 /* Project object */;
			proxyType = 1;
			remoteGlobalIDString = 3035205D1C88EB3500436351;
			remoteInfo = MHAppKit;
		};
		9912AA8F1D81E60D00DE25FC /* PBXContainerItemProxy */ = {
			isa = PBXContainerItemProxy;
			containerPortal = 303520551C88EB3500436351 /* Project object */;
			proxyType = 1;
			remoteGlobalIDString = 99CDAD4A1CFC68070090960D;
			remoteInfo = MHAppKitTestsHost;
		};
		9912AA941D81E97900DE25FC /* PBXContainerItemProxy */ = {
			isa = PBXContainerItemProxy;
			containerPortal = 303520551C88EB3500436351 /* Project object */;
			proxyType = 1;
			remoteGlobalIDString = 3035205D1C88EB3500436351;
			remoteInfo = MHAppKit;
		};
		99CDAD5D1CFC68180090960D /* PBXContainerItemProxy */ = {
			isa = PBXContainerItemProxy;
			containerPortal = 303520551C88EB3500436351 /* Project object */;
			proxyType = 1;
			remoteGlobalIDString = 99CDAD4A1CFC68070090960D;
			remoteInfo = MHAppKitTestsHost;
		};
/* End PBXContainerItemProxy section */

/* Begin PBXCopyFilesBuildPhase section */
		9912AA991D81EB0500DE25FC /* Embed Frameworks */ = {
			isa = PBXCopyFilesBuildPhase;
			buildActionMask = 2147483647;
			dstPath = "";
			dstSubfolderSpec = 10;
			files = (
				9912AA981D81EB0500DE25FC /* MHAppKit.framework in Embed Frameworks */,
			);
			name = "Embed Frameworks";
			runOnlyForDeploymentPostprocessing = 0;
		};
/* End PBXCopyFilesBuildPhase section */

/* Begin PBXFileReference section */
		3035205E1C88EB3500436351 /* MHAppKit.framework */ = {isa = PBXFileReference; explicitFileType = wrapper.framework; includeInIndex = 0; path = MHAppKit.framework; sourceTree = BUILT_PRODUCTS_DIR; };
		303520611C88EB3500436351 /* MHAppKit.h */ = {isa = PBXFileReference; lastKnownFileType = sourcecode.c.h; path = MHAppKit.h; sourceTree = "<group>"; };
		303520631C88EB3500436351 /* Info.plist */ = {isa = PBXFileReference; lastKnownFileType = text.plist.xml; path = Info.plist; sourceTree = "<group>"; };
		303520A81C88ED4C00436351 /* LICENSE.md */ = {isa = PBXFileReference; fileEncoding = 4; lastKnownFileType = net.daringfireball.markdown; path = LICENSE.md; sourceTree = "<group>"; };
		303520A91C88ED4C00436351 /* README.md */ = {isa = PBXFileReference; fileEncoding = 4; lastKnownFileType = net.daringfireball.markdown; path = README.md; sourceTree = "<group>"; };
		303520B81C88EDCC00436351 /* MHAppKitTests.xctest */ = {isa = PBXFileReference; explicitFileType = wrapper.cfbundle; includeInIndex = 0; path = MHAppKitTests.xctest; sourceTree = BUILT_PRODUCTS_DIR; };
		303520BA1C88EDCC00436351 /* MHAppKitTests.swift */ = {isa = PBXFileReference; lastKnownFileType = sourcecode.swift; path = MHAppKitTests.swift; sourceTree = "<group>"; };
		303520BC1C88EDCC00436351 /* Info.plist */ = {isa = PBXFileReference; lastKnownFileType = text.plist.xml; path = Info.plist; sourceTree = "<group>"; };
		303520F11C88EF2800436351 /* TextView.swift */ = {isa = PBXFileReference; fileEncoding = 4; lastKnownFileType = sourcecode.swift; path = TextView.swift; sourceTree = "<group>"; };
		303520F21C88EF2800436351 /* TableViewCell.swift */ = {isa = PBXFileReference; fileEncoding = 4; lastKnownFileType = sourcecode.swift; path = TableViewCell.swift; sourceTree = "<group>"; };
		303520F31C88EF2800436351 /* BadgeLabel.swift */ = {isa = PBXFileReference; fileEncoding = 4; lastKnownFileType = sourcecode.swift; path = BadgeLabel.swift; sourceTree = "<group>"; };
		303520F41C88EF2800436351 /* Label.swift */ = {isa = PBXFileReference; fileEncoding = 4; lastKnownFileType = sourcecode.swift; path = Label.swift; sourceTree = "<group>"; };
		303520F51C88EF2800436351 /* ExtendedHitView.swift */ = {isa = PBXFileReference; fileEncoding = 4; lastKnownFileType = sourcecode.swift; path = ExtendedHitView.swift; sourceTree = "<group>"; };
		303520FC1C88EF6A00436351 /* CollectionViewController.swift */ = {isa = PBXFileReference; fileEncoding = 4; lastKnownFileType = sourcecode.swift; path = CollectionViewController.swift; sourceTree = "<group>"; };
		303520FD1C88EF6A00436351 /* DynamicTableViewController.swift */ = {isa = PBXFileReference; fileEncoding = 4; lastKnownFileType = sourcecode.swift; path = DynamicTableViewController.swift; sourceTree = "<group>"; };
		303520FE1C88EF6A00436351 /* NavigationController.swift */ = {isa = PBXFileReference; fileEncoding = 4; lastKnownFileType = sourcecode.swift; path = NavigationController.swift; sourceTree = "<group>"; };
		303520FF1C88EF6A00436351 /* PageViewController.swift */ = {isa = PBXFileReference; fileEncoding = 4; lastKnownFileType = sourcecode.swift; path = PageViewController.swift; sourceTree = "<group>"; };
		303521001C88EF6A00436351 /* PickerViewController.swift */ = {isa = PBXFileReference; fileEncoding = 4; lastKnownFileType = sourcecode.swift; path = PickerViewController.swift; sourceTree = "<group>"; };
		303521011C88EF6A00436351 /* PickerViewController.xib */ = {isa = PBXFileReference; fileEncoding = 4; lastKnownFileType = file.xib; path = PickerViewController.xib; sourceTree = "<group>"; };
		303521021C88EF6A00436351 /* StaticTableViewController.swift */ = {isa = PBXFileReference; fileEncoding = 4; lastKnownFileType = sourcecode.swift; path = StaticTableViewController.swift; sourceTree = "<group>"; };
		303521031C88EF6A00436351 /* ViewController.swift */ = {isa = PBXFileReference; fileEncoding = 4; lastKnownFileType = sourcecode.swift; path = ViewController.swift; sourceTree = "<group>"; };
		303521051C88EF6A00436351 /* BlockAnimator.swift */ = {isa = PBXFileReference; fileEncoding = 4; lastKnownFileType = sourcecode.swift; path = BlockAnimator.swift; sourceTree = "<group>"; };
		303521061C88EF6A00436351 /* UINavigationControllerPerspectiveAnimator.swift */ = {isa = PBXFileReference; fileEncoding = 4; lastKnownFileType = sourcecode.swift; path = UINavigationControllerPerspectiveAnimator.swift; sourceTree = "<group>"; };
		303521071C88EF6A00436351 /* UIViewTransitionAnimator.swift */ = {isa = PBXFileReference; fileEncoding = 4; lastKnownFileType = sourcecode.swift; path = UIViewTransitionAnimator.swift; sourceTree = "<group>"; };
		303521091C88EF6A00436351 /* UINavigationControllerReplaceAllSegue.swift */ = {isa = PBXFileReference; fileEncoding = 4; lastKnownFileType = sourcecode.swift; path = UINavigationControllerReplaceAllSegue.swift; sourceTree = "<group>"; };
		3035210A1C88EF6A00436351 /* UINavigationControllerReplaceLastSegue.swift */ = {isa = PBXFileReference; fileEncoding = 4; lastKnownFileType = sourcecode.swift; path = UINavigationControllerReplaceLastSegue.swift; sourceTree = "<group>"; };
		3035211A1C88F00D00436351 /* UIViewController+Container.swift */ = {isa = PBXFileReference; fileEncoding = 4; lastKnownFileType = sourcecode.swift; path = "UIViewController+Container.swift"; sourceTree = "<group>"; };
		3035211B1C88F00D00436351 /* UIViewController+Lookup.swift */ = {isa = PBXFileReference; fileEncoding = 4; lastKnownFileType = sourcecode.swift; path = "UIViewController+Lookup.swift"; sourceTree = "<group>"; };
		3035211C1C88F00D00436351 /* UIViewController+UIAlertController.swift */ = {isa = PBXFileReference; fileEncoding = 4; lastKnownFileType = sourcecode.swift; path = "UIViewController+UIAlertController.swift"; sourceTree = "<group>"; };
		3035211D1C88F00D00436351 /* UIViewController.swift */ = {isa = PBXFileReference; fileEncoding = 4; lastKnownFileType = sourcecode.swift; path = UIViewController.swift; sourceTree = "<group>"; };
		3035211F1C88F00D00436351 /* UINavigationController+Background.swift */ = {isa = PBXFileReference; fileEncoding = 4; lastKnownFileType = sourcecode.swift; path = "UINavigationController+Background.swift"; sourceTree = "<group>"; };
		303521211C88F00D00436351 /* UIWindow+Background.swift */ = {isa = PBXFileReference; fileEncoding = 4; lastKnownFileType = sourcecode.swift; path = "UIWindow+Background.swift"; sourceTree = "<group>"; };
		303521231C88F00D00436351 /* NSError+Presentation.swift */ = {isa = PBXFileReference; fileEncoding = 4; lastKnownFileType = sourcecode.swift; path = "NSError+Presentation.swift"; sourceTree = "<group>"; };
		303521271C88F00D00436351 /* UILabel.swift */ = {isa = PBXFileReference; fileEncoding = 4; lastKnownFileType = sourcecode.swift; path = UILabel.swift; sourceTree = "<group>"; };
		9912AA8A1D81E60D00DE25FC /* MHAppKitUITests.xctest */ = {isa = PBXFileReference; explicitFileType = wrapper.cfbundle; includeInIndex = 0; path = MHAppKitUITests.xctest; sourceTree = BUILT_PRODUCTS_DIR; };
		9912AA8C1D81E60D00DE25FC /* MHAppKitUITests.swift */ = {isa = PBXFileReference; lastKnownFileType = sourcecode.swift; path = MHAppKitUITests.swift; sourceTree = "<group>"; };
		9912AA8E1D81E60D00DE25FC /* Info.plist */ = {isa = PBXFileReference; lastKnownFileType = text.plist.xml; path = Info.plist; sourceTree = "<group>"; };
		99364A2B1DB66BB400CD0864 /* SegueCoordinator.swift */ = {isa = PBXFileReference; fileEncoding = 4; lastKnownFileType = sourcecode.swift; path = SegueCoordinator.swift; sourceTree = "<group>"; };
		99364A2D1DB66C1400CD0864 /* UIViewController+SegueCoordinator.swift */ = {isa = PBXFileReference; fileEncoding = 4; lastKnownFileType = sourcecode.swift; path = "UIViewController+SegueCoordinator.swift"; sourceTree = "<group>"; };
		99364A2F1DB670A500CD0864 /* SegueCoordinatorTests.swift */ = {isa = PBXFileReference; fileEncoding = 4; lastKnownFileType = sourcecode.swift; path = SegueCoordinatorTests.swift; sourceTree = "<group>"; };
		99387BD61DFAB7BB008F5FDB /* Timer+Closures.swift */ = {isa = PBXFileReference; fileEncoding = 4; lastKnownFileType = sourcecode.swift; path = "Timer+Closures.swift"; sourceTree = "<group>"; };
		99402A531D09609600412ED5 /* UIImage.swift */ = {isa = PBXFileReference; fileEncoding = 4; lastKnownFileType = sourcecode.swift; path = UIImage.swift; sourceTree = "<group>"; };
		99402A671D0AE99300412ED5 /* UIColor.swift */ = {isa = PBXFileReference; fileEncoding = 4; lastKnownFileType = sourcecode.swift; path = UIColor.swift; sourceTree = "<group>"; };
		99402A691D0AEA5700412ED5 /* UIColorTests.swift */ = {isa = PBXFileReference; fileEncoding = 4; lastKnownFileType = sourcecode.swift; path = UIColorTests.swift; sourceTree = "<group>"; };
		994EDE391D2A5536000CD281 /* .travis.yml */ = {isa = PBXFileReference; fileEncoding = 4; lastKnownFileType = text; path = .travis.yml; sourceTree = "<group>"; };
		9961811A1D9ABC7400ED1072 /* MessageUI.framework */ = {isa = PBXFileReference; lastKnownFileType = wrapper.framework; name = MessageUI.framework; path = System/Library/Frameworks/MessageUI.framework; sourceTree = SDKROOT; };
		9989F82A1CF71F7300B4EDC5 /* XCTestExtensions.swift */ = {isa = PBXFileReference; fileEncoding = 4; lastKnownFileType = sourcecode.swift; path = XCTestExtensions.swift; sourceTree = "<group>"; };
		99B0FCFE1CFDC6720028E56A /* MFMailComposeViewController+CompletionHandler.swift */ = {isa = PBXFileReference; fileEncoding = 4; lastKnownFileType = sourcecode.swift; path = "MFMailComposeViewController+CompletionHandler.swift"; sourceTree = "<group>"; };
		99CDAC9E1CFC30750090960D /* UIControl+Action.swift */ = {isa = PBXFileReference; fileEncoding = 4; lastKnownFileType = sourcecode.swift; path = "UIControl+Action.swift"; sourceTree = "<group>"; };
		99CDAD4B1CFC68070090960D /* MHAppKitTestsHost.app */ = {isa = PBXFileReference; explicitFileType = wrapper.application; includeInIndex = 0; path = MHAppKitTestsHost.app; sourceTree = BUILT_PRODUCTS_DIR; };
		99CDAD4D1CFC68070090960D /* AppDelegate.swift */ = {isa = PBXFileReference; lastKnownFileType = sourcecode.swift; path = AppDelegate.swift; sourceTree = "<group>"; };
		99CDAD4F1CFC68070090960D /* ViewController.swift */ = {isa = PBXFileReference; lastKnownFileType = sourcecode.swift; path = ViewController.swift; sourceTree = "<group>"; };
		99CDAD521CFC68070090960D /* Base */ = {isa = PBXFileReference; lastKnownFileType = file.storyboard; name = Base; path = Base.lproj/Main.storyboard; sourceTree = "<group>"; };
		99CDAD541CFC68070090960D /* Assets.xcassets */ = {isa = PBXFileReference; lastKnownFileType = folder.assetcatalog; path = Assets.xcassets; sourceTree = "<group>"; };
		99CDAD571CFC68070090960D /* Base */ = {isa = PBXFileReference; lastKnownFileType = file.storyboard; name = Base; path = Base.lproj/LaunchScreen.storyboard; sourceTree = "<group>"; };
		99CDAD591CFC68070090960D /* Info.plist */ = {isa = PBXFileReference; lastKnownFileType = text.plist.xml; path = Info.plist; sourceTree = "<group>"; };
		99CDAD671CFC7C710090960D /* UIButton.swift */ = {isa = PBXFileReference; fileEncoding = 4; lastKnownFileType = sourcecode.swift; path = UIButton.swift; sourceTree = "<group>"; };
		99CDAD691CFC7C810090960D /* UIBarButtonItem+Action.swift */ = {isa = PBXFileReference; fileEncoding = 4; lastKnownFileType = sourcecode.swift; path = "UIBarButtonItem+Action.swift"; sourceTree = "<group>"; };
		99D76D031E8A47A70077CDDE /* UIViewController+SegueCoordinator.h */ = {isa = PBXFileReference; fileEncoding = 4; lastKnownFileType = sourcecode.c.h; path = "UIViewController+SegueCoordinator.h"; sourceTree = "<group>"; };
		99D76D041E8A47A70077CDDE /* UIViewController+SegueCoordinator.m */ = {isa = PBXFileReference; fileEncoding = 4; lastKnownFileType = sourcecode.c.objc; path = "UIViewController+SegueCoordinator.m"; sourceTree = "<group>"; };
		99E247CA1CE749E5006726BA /* DynamicSizeTableSuplementaryView.swift */ = {isa = PBXFileReference; fileEncoding = 4; lastKnownFileType = sourcecode.swift; path = DynamicSizeTableSuplementaryView.swift; sourceTree = "<group>"; };
		99E247CC1CE749F2006726BA /* DynamicSizeTableHeaderView.swift */ = {isa = PBXFileReference; fileEncoding = 4; lastKnownFileType = sourcecode.swift; path = DynamicSizeTableHeaderView.swift; sourceTree = "<group>"; };
		99E247CE1CE749FD006726BA /* DynamicSizeTableFooterView.swift */ = {isa = PBXFileReference; fileEncoding = 4; lastKnownFileType = sourcecode.swift; path = DynamicSizeTableFooterView.swift; sourceTree = "<group>"; };
		E6DC21181EFBEDDE008D182A /* ShowHideAnimator.swift */ = {isa = PBXFileReference; fileEncoding = 4; lastKnownFileType = sourcecode.swift; path = ShowHideAnimator.swift; sourceTree = "<group>"; };
		E6E71BF21F0A7CDA000980C5 /* MHAppKit.swift */ = {isa = PBXFileReference; fileEncoding = 4; lastKnownFileType = sourcecode.swift; path = MHAppKit.swift; sourceTree = "<group>"; };
		E6E71BF41F0A7D52000980C5 /* UIImage+Data.swift */ = {isa = PBXFileReference; fileEncoding = 4; lastKnownFileType = sourcecode.swift; path = "UIImage+Data.swift"; sourceTree = "<group>"; };
		E6E71BF71F0A7D9A000980C5 /* UIImagePickerController+MediaInfo.swift */ = {isa = PBXFileReference; fileEncoding = 4; lastKnownFileType = sourcecode.swift; path = "UIImagePickerController+MediaInfo.swift"; sourceTree = "<group>"; };
		E6E71C021F0A8B02000980C5 /* CLLocation+CGImagePropertyGPS.swift */ = {isa = PBXFileReference; fileEncoding = 4; lastKnownFileType = sourcecode.swift; path = "CLLocation+CGImagePropertyGPS.swift"; sourceTree = "<group>"; };
		E6E71C051F0A8EA6000980C5 /* PHAsset+Metadata.swift */ = {isa = PBXFileReference; fileEncoding = 4; lastKnownFileType = sourcecode.swift; path = "PHAsset+Metadata.swift"; sourceTree = "<group>"; };
		E6E71C071F0A90A0000980C5 /* UIImagePickerController+Media.swift */ = {isa = PBXFileReference; fileEncoding = 4; lastKnownFileType = sourcecode.swift; path = "UIImagePickerController+Media.swift"; sourceTree = "<group>"; };
		E6E71C0A1F0A9658000980C5 /* PHPhotoLibrary+Save.swift */ = {isa = PBXFileReference; fileEncoding = 4; lastKnownFileType = sourcecode.swift; path = "PHPhotoLibrary+Save.swift"; sourceTree = "<group>"; };
/* End PBXFileReference section */

/* Begin PBXFrameworksBuildPhase section */
		3035205A1C88EB3500436351 /* Frameworks */ = {
			isa = PBXFrameworksBuildPhase;
			buildActionMask = 2147483647;
			files = (
			);
			runOnlyForDeploymentPostprocessing = 0;
		};
		303520B51C88EDCC00436351 /* Frameworks */ = {
			isa = PBXFrameworksBuildPhase;
			buildActionMask = 2147483647;
			files = (
				303520BD1C88EDCC00436351 /* MHAppKit.framework in Frameworks */,
			);
			runOnlyForDeploymentPostprocessing = 0;
		};
		9912AA871D81E60D00DE25FC /* Frameworks */ = {
			isa = PBXFrameworksBuildPhase;
			buildActionMask = 2147483647;
			files = (
			);
			runOnlyForDeploymentPostprocessing = 0;
		};
		99CDAD481CFC68070090960D /* Frameworks */ = {
			isa = PBXFrameworksBuildPhase;
			buildActionMask = 2147483647;
			files = (
				9912AA971D81EB0500DE25FC /* MHAppKit.framework in Frameworks */,
			);
			runOnlyForDeploymentPostprocessing = 0;
		};
/* End PBXFrameworksBuildPhase section */

/* Begin PBXGroup section */
		303520541C88EB3500436351 = {
			isa = PBXGroup;
			children = (
				994EDE391D2A5536000CD281 /* .travis.yml */,
				303520A91C88ED4C00436351 /* README.md */,
				303520A81C88ED4C00436351 /* LICENSE.md */,
				303520601C88EB3500436351 /* MHAppKit */,
				303520B91C88EDCC00436351 /* MHAppKitTests */,
				99CDAD4C1CFC68070090960D /* MHAppKitTestsHost */,
				9912AA8B1D81E60D00DE25FC /* MHAppKitUITests */,
				3035205F1C88EB3500436351 /* Products */,
				996181191D9ABC7300ED1072 /* Frameworks */,
			);
			sourceTree = "<group>";
		};
		3035205F1C88EB3500436351 /* Products */ = {
			isa = PBXGroup;
			children = (
				3035205E1C88EB3500436351 /* MHAppKit.framework */,
				303520B81C88EDCC00436351 /* MHAppKitTests.xctest */,
				99CDAD4B1CFC68070090960D /* MHAppKitTestsHost.app */,
				9912AA8A1D81E60D00DE25FC /* MHAppKitUITests.xctest */,
			);
			name = Products;
			sourceTree = "<group>";
		};
		303520601C88EB3500436351 /* MHAppKit */ = {
			isa = PBXGroup;
			children = (
				303520611C88EB3500436351 /* MHAppKit.h */,
				E6E71BF21F0A7CDA000980C5 /* MHAppKit.swift */,
				303521181C88EFEB00436351 /* Extensions */,
				303521041C88EF6A00436351 /* Animators */,
				303521081C88EF6A00436351 /* Segues */,
				303520F01C88EF1700436351 /* Views */,
				303520FB1C88EF6A00436351 /* ViewControllers */,
				303520631C88EB3500436351 /* Info.plist */,
			);
			path = MHAppKit;
			sourceTree = "<group>";
		};
		303520B91C88EDCC00436351 /* MHAppKitTests */ = {
			isa = PBXGroup;
			children = (
				9989F82A1CF71F7300B4EDC5 /* XCTestExtensions.swift */,
				303520BA1C88EDCC00436351 /* MHAppKitTests.swift */,
				99402A691D0AEA5700412ED5 /* UIColorTests.swift */,
				99364A2F1DB670A500CD0864 /* SegueCoordinatorTests.swift */,
				303520BC1C88EDCC00436351 /* Info.plist */,
			);
			path = MHAppKitTests;
			sourceTree = "<group>";
		};
		303520F01C88EF1700436351 /* Views */ = {
			isa = PBXGroup;
			children = (
				303520F41C88EF2800436351 /* Label.swift */,
				303520F31C88EF2800436351 /* BadgeLabel.swift */,
				303520F11C88EF2800436351 /* TextView.swift */,
				303520F21C88EF2800436351 /* TableViewCell.swift */,
				303520F51C88EF2800436351 /* ExtendedHitView.swift */,
				99E247CA1CE749E5006726BA /* DynamicSizeTableSuplementaryView.swift */,
				99E247CC1CE749F2006726BA /* DynamicSizeTableHeaderView.swift */,
				99E247CE1CE749FD006726BA /* DynamicSizeTableFooterView.swift */,
			);
			path = Views;
			sourceTree = "<group>";
		};
		303520FB1C88EF6A00436351 /* ViewControllers */ = {
			isa = PBXGroup;
			children = (
				303520FE1C88EF6A00436351 /* NavigationController.swift */,
				303521031C88EF6A00436351 /* ViewController.swift */,
				303521021C88EF6A00436351 /* StaticTableViewController.swift */,
				303520FD1C88EF6A00436351 /* DynamicTableViewController.swift */,
				303520FC1C88EF6A00436351 /* CollectionViewController.swift */,
				303520FF1C88EF6A00436351 /* PageViewController.swift */,
				303521001C88EF6A00436351 /* PickerViewController.swift */,
				303521011C88EF6A00436351 /* PickerViewController.xib */,
			);
			path = ViewControllers;
			sourceTree = "<group>";
		};
		303521041C88EF6A00436351 /* Animators */ = {
			isa = PBXGroup;
			children = (
				303521051C88EF6A00436351 /* BlockAnimator.swift */,
				303521071C88EF6A00436351 /* UIViewTransitionAnimator.swift */,
				303521061C88EF6A00436351 /* UINavigationControllerPerspectiveAnimator.swift */,
				E6DC21181EFBEDDE008D182A /* ShowHideAnimator.swift */,
			);
			path = Animators;
			sourceTree = "<group>";
		};
		303521081C88EF6A00436351 /* Segues */ = {
			isa = PBXGroup;
			children = (
				303521091C88EF6A00436351 /* UINavigationControllerReplaceAllSegue.swift */,
				3035210A1C88EF6A00436351 /* UINavigationControllerReplaceLastSegue.swift */,
				99364A2B1DB66BB400CD0864 /* SegueCoordinator.swift */,
				99364A2D1DB66C1400CD0864 /* UIViewController+SegueCoordinator.swift */,
				99D76D031E8A47A70077CDDE /* UIViewController+SegueCoordinator.h */,
				99D76D041E8A47A70077CDDE /* UIViewController+SegueCoordinator.m */,
			);
			path = Segues;
			sourceTree = "<group>";
		};
		303521181C88EFEB00436351 /* Extensions */ = {
			isa = PBXGroup;
			children = (
				E6E71C091F0A9564000980C5 /* PHPhotoLibrary */,
				E6E71C041F0A8E67000980C5 /* PHAsset */,
				E6E71C011F0A8AE8000980C5 /* CLLocation */,
				E6E71BF61F0A7D78000980C5 /* UIImagePickerController */,
				99B0FCFD1CFDC64C0028E56A /* MessageUI */,
				303521191C88F00D00436351 /* UIViewController */,
				3035211E1C88F00D00436351 /* UINavigationController */,
				303521201C88F00D00436351 /* UIWindow */,
				303521221C88F00D00436351 /* NSError */,
				303521241C88F00D00436351 /* UIColor */,
				99402A521D09607400412ED5 /* UIImage */,
				303521261C88F00D00436351 /* UILabel */,
				99CDAC9D1CFC30400090960D /* UIControl */,
				99CDAD661CFC7C610090960D /* UIButton */,
				99CDAD651CFC7C3B0090960D /* UIBarButtonItem */,
				99387BD51DFAB78F008F5FDB /* Timer */,
			);
			path = Extensions;
			sourceTree = "<group>";
		};
		303521191C88F00D00436351 /* UIViewController */ = {
			isa = PBXGroup;
			children = (
				3035211D1C88F00D00436351 /* UIViewController.swift */,
				3035211B1C88F00D00436351 /* UIViewController+Lookup.swift */,
				3035211C1C88F00D00436351 /* UIViewController+UIAlertController.swift */,
				3035211A1C88F00D00436351 /* UIViewController+Container.swift */,
			);
			path = UIViewController;
			sourceTree = "<group>";
		};
		3035211E1C88F00D00436351 /* UINavigationController */ = {
			isa = PBXGroup;
			children = (
				3035211F1C88F00D00436351 /* UINavigationController+Background.swift */,
			);
			path = UINavigationController;
			sourceTree = "<group>";
		};
		303521201C88F00D00436351 /* UIWindow */ = {
			isa = PBXGroup;
			children = (
				303521211C88F00D00436351 /* UIWindow+Background.swift */,
			);
			path = UIWindow;
			sourceTree = "<group>";
		};
		303521221C88F00D00436351 /* NSError */ = {
			isa = PBXGroup;
			children = (
				303521231C88F00D00436351 /* NSError+Presentation.swift */,
			);
			path = NSError;
			sourceTree = "<group>";
		};
		303521241C88F00D00436351 /* UIColor */ = {
			isa = PBXGroup;
			children = (
				99402A671D0AE99300412ED5 /* UIColor.swift */,
			);
			path = UIColor;
			sourceTree = "<group>";
		};
		303521261C88F00D00436351 /* UILabel */ = {
			isa = PBXGroup;
			children = (
				303521271C88F00D00436351 /* UILabel.swift */,
			);
			path = UILabel;
			sourceTree = "<group>";
		};
		9912AA8B1D81E60D00DE25FC /* MHAppKitUITests */ = {
			isa = PBXGroup;
			children = (
				9912AA8C1D81E60D00DE25FC /* MHAppKitUITests.swift */,
				9912AA8E1D81E60D00DE25FC /* Info.plist */,
			);
			path = MHAppKitUITests;
			sourceTree = "<group>";
		};
		99387BD51DFAB78F008F5FDB /* Timer */ = {
			isa = PBXGroup;
			children = (
				99387BD61DFAB7BB008F5FDB /* Timer+Closures.swift */,
			);
			path = Timer;
			sourceTree = "<group>";
		};
		99402A521D09607400412ED5 /* UIImage */ = {
			isa = PBXGroup;
			children = (
				99402A531D09609600412ED5 /* UIImage.swift */,
				E6E71BF41F0A7D52000980C5 /* UIImage+Data.swift */,
			);
			path = UIImage;
			sourceTree = "<group>";
		};
		996181191D9ABC7300ED1072 /* Frameworks */ = {
			isa = PBXGroup;
			children = (
				9961811A1D9ABC7400ED1072 /* MessageUI.framework */,
			);
			name = Frameworks;
			sourceTree = "<group>";
		};
		99B0FCFD1CFDC64C0028E56A /* MessageUI */ = {
			isa = PBXGroup;
			children = (
				99B0FCFE1CFDC6720028E56A /* MFMailComposeViewController+CompletionHandler.swift */,
			);
			path = MessageUI;
			sourceTree = "<group>";
		};
		99CDAC9D1CFC30400090960D /* UIControl */ = {
			isa = PBXGroup;
			children = (
				99CDAC9E1CFC30750090960D /* UIControl+Action.swift */,
			);
			path = UIControl;
			sourceTree = "<group>";
		};
		99CDAD4C1CFC68070090960D /* MHAppKitTestsHost */ = {
			isa = PBXGroup;
			children = (
				99CDAD4D1CFC68070090960D /* AppDelegate.swift */,
				99CDAD4F1CFC68070090960D /* ViewController.swift */,
				99CDAD511CFC68070090960D /* Main.storyboard */,
				99CDAD541CFC68070090960D /* Assets.xcassets */,
				99CDAD561CFC68070090960D /* LaunchScreen.storyboard */,
				99CDAD591CFC68070090960D /* Info.plist */,
			);
			path = MHAppKitTestsHost;
			sourceTree = "<group>";
		};
		99CDAD651CFC7C3B0090960D /* UIBarButtonItem */ = {
			isa = PBXGroup;
			children = (
				99CDAD691CFC7C810090960D /* UIBarButtonItem+Action.swift */,
			);
			path = UIBarButtonItem;
			sourceTree = "<group>";
		};
		99CDAD661CFC7C610090960D /* UIButton */ = {
			isa = PBXGroup;
			children = (
				99CDAD671CFC7C710090960D /* UIButton.swift */,
			);
			path = UIButton;
			sourceTree = "<group>";
		};
		E6E71BF61F0A7D78000980C5 /* UIImagePickerController */ = {
			isa = PBXGroup;
			children = (
				E6E71C071F0A90A0000980C5 /* UIImagePickerController+Media.swift */,
				E6E71BF71F0A7D9A000980C5 /* UIImagePickerController+MediaInfo.swift */,
			);
			path = UIImagePickerController;
			sourceTree = "<group>";
		};
		E6E71C011F0A8AE8000980C5 /* CLLocation */ = {
			isa = PBXGroup;
			children = (
				E6E71C021F0A8B02000980C5 /* CLLocation+CGImagePropertyGPS.swift */,
			);
			path = CLLocation;
			sourceTree = "<group>";
		};
		E6E71C041F0A8E67000980C5 /* PHAsset */ = {
			isa = PBXGroup;
			children = (
				E6E71C051F0A8EA6000980C5 /* PHAsset+Metadata.swift */,
			);
			path = PHAsset;
			sourceTree = "<group>";
		};
		E6E71C091F0A9564000980C5 /* PHPhotoLibrary */ = {
			isa = PBXGroup;
			children = (
				E6E71C0A1F0A9658000980C5 /* PHPhotoLibrary+Save.swift */,
			);
			path = PHPhotoLibrary;
			sourceTree = "<group>";
		};
/* End PBXGroup section */

/* Begin PBXHeadersBuildPhase section */
		3035205B1C88EB3500436351 /* Headers */ = {
			isa = PBXHeadersBuildPhase;
			buildActionMask = 2147483647;
			files = (
				99D76D051E8A47A70077CDDE /* UIViewController+SegueCoordinator.h in Headers */,
				303520621C88EB3500436351 /* MHAppKit.h in Headers */,
			);
			runOnlyForDeploymentPostprocessing = 0;
		};
/* End PBXHeadersBuildPhase section */

/* Begin PBXNativeTarget section */
		3035205D1C88EB3500436351 /* MHAppKit */ = {
			isa = PBXNativeTarget;
			buildConfigurationList = 303520661C88EB3500436351 /* Build configuration list for PBXNativeTarget "MHAppKit" */;
			buildPhases = (
				303520591C88EB3500436351 /* Sources */,
				3035205A1C88EB3500436351 /* Frameworks */,
				3035205B1C88EB3500436351 /* Headers */,
				3035205C1C88EB3500436351 /* Resources */,
			);
			buildRules = (
			);
			dependencies = (
			);
			name = MHAppKit;
			productName = MHAppKit;
			productReference = 3035205E1C88EB3500436351 /* MHAppKit.framework */;
			productType = "com.apple.product-type.framework";
		};
		303520B71C88EDCC00436351 /* MHAppKitTests */ = {
			isa = PBXNativeTarget;
			buildConfigurationList = 303520C01C88EDCC00436351 /* Build configuration list for PBXNativeTarget "MHAppKitTests" */;
			buildPhases = (
				303520B41C88EDCC00436351 /* Sources */,
				303520B51C88EDCC00436351 /* Frameworks */,
				303520B61C88EDCC00436351 /* Resources */,
			);
			buildRules = (
			);
			dependencies = (
				303520BF1C88EDCC00436351 /* PBXTargetDependency */,
				99CDAD5E1CFC68180090960D /* PBXTargetDependency */,
			);
			name = MHAppKitTests;
			productName = MHAppKitTests;
			productReference = 303520B81C88EDCC00436351 /* MHAppKitTests.xctest */;
			productType = "com.apple.product-type.bundle.unit-test";
		};
		9912AA891D81E60D00DE25FC /* MHAppKitUITests */ = {
			isa = PBXNativeTarget;
			buildConfigurationList = 9912AA931D81E60D00DE25FC /* Build configuration list for PBXNativeTarget "MHAppKitUITests" */;
			buildPhases = (
				9912AA861D81E60D00DE25FC /* Sources */,
				9912AA871D81E60D00DE25FC /* Frameworks */,
				9912AA881D81E60D00DE25FC /* Resources */,
			);
			buildRules = (
			);
			dependencies = (
				9912AA901D81E60D00DE25FC /* PBXTargetDependency */,
			);
			name = MHAppKitUITests;
			productName = MHAppKitUITests;
			productReference = 9912AA8A1D81E60D00DE25FC /* MHAppKitUITests.xctest */;
			productType = "com.apple.product-type.bundle.ui-testing";
		};
		99CDAD4A1CFC68070090960D /* MHAppKitTestsHost */ = {
			isa = PBXNativeTarget;
			buildConfigurationList = 99CDAD5C1CFC68070090960D /* Build configuration list for PBXNativeTarget "MHAppKitTestsHost" */;
			buildPhases = (
				99CDAD471CFC68070090960D /* Sources */,
				99CDAD481CFC68070090960D /* Frameworks */,
				99CDAD491CFC68070090960D /* Resources */,
				9912AA991D81EB0500DE25FC /* Embed Frameworks */,
			);
			buildRules = (
			);
			dependencies = (
				9912AA951D81E97900DE25FC /* PBXTargetDependency */,
			);
			name = MHAppKitTestsHost;
			productName = MHAppKitTestsHost;
			productReference = 99CDAD4B1CFC68070090960D /* MHAppKitTestsHost.app */;
			productType = "com.apple.product-type.application";
		};
/* End PBXNativeTarget section */

/* Begin PBXProject section */
		303520551C88EB3500436351 /* Project object */ = {
			isa = PBXProject;
			attributes = {
				LastSwiftUpdateCheck = 0800;
				LastUpgradeCheck = 0800;
				ORGANIZATIONNAME = "Milen Halachev";
				TargetAttributes = {
					3035205D1C88EB3500436351 = {
						CreatedOnToolsVersion = 7.2.1;
						LastSwiftMigration = 0830;
					};
					303520B71C88EDCC00436351 = {
						CreatedOnToolsVersion = 7.2.1;
						LastSwiftMigration = 0830;
						TestTargetID = 99CDAD4A1CFC68070090960D;
					};
					9912AA891D81E60D00DE25FC = {
						CreatedOnToolsVersion = 8.0;
						ProvisioningStyle = Automatic;
						TestTargetID = 99CDAD4A1CFC68070090960D;
					};
					99CDAD4A1CFC68070090960D = {
						CreatedOnToolsVersion = 7.3.1;
						DevelopmentTeam = JUQE3HH2DR;
						LastSwiftMigration = 0800;
						ProvisioningStyle = Automatic;
					};
				};
			};
			buildConfigurationList = 303520581C88EB3500436351 /* Build configuration list for PBXProject "MHAppKit" */;
			compatibilityVersion = "Xcode 3.2";
			developmentRegion = English;
			hasScannedForEncodings = 0;
			knownRegions = (
				en,
				Base,
			);
			mainGroup = 303520541C88EB3500436351;
			productRefGroup = 3035205F1C88EB3500436351 /* Products */;
			projectDirPath = "";
			projectRoot = "";
			targets = (
				3035205D1C88EB3500436351 /* MHAppKit */,
				303520B71C88EDCC00436351 /* MHAppKitTests */,
				99CDAD4A1CFC68070090960D /* MHAppKitTestsHost */,
				9912AA891D81E60D00DE25FC /* MHAppKitUITests */,
			);
		};
/* End PBXProject section */

/* Begin PBXResourcesBuildPhase section */
		3035205C1C88EB3500436351 /* Resources */ = {
			isa = PBXResourcesBuildPhase;
			buildActionMask = 2147483647;
			files = (
				303521101C88EF6A00436351 /* PickerViewController.xib in Resources */,
			);
			runOnlyForDeploymentPostprocessing = 0;
		};
		303520B61C88EDCC00436351 /* Resources */ = {
			isa = PBXResourcesBuildPhase;
			buildActionMask = 2147483647;
			files = (
			);
			runOnlyForDeploymentPostprocessing = 0;
		};
		9912AA881D81E60D00DE25FC /* Resources */ = {
			isa = PBXResourcesBuildPhase;
			buildActionMask = 2147483647;
			files = (
			);
			runOnlyForDeploymentPostprocessing = 0;
		};
		99CDAD491CFC68070090960D /* Resources */ = {
			isa = PBXResourcesBuildPhase;
			buildActionMask = 2147483647;
			files = (
				99CDAD581CFC68070090960D /* LaunchScreen.storyboard in Resources */,
				99CDAD551CFC68070090960D /* Assets.xcassets in Resources */,
				99CDAD531CFC68070090960D /* Main.storyboard in Resources */,
			);
			runOnlyForDeploymentPostprocessing = 0;
		};
/* End PBXResourcesBuildPhase section */

/* Begin PBXSourcesBuildPhase section */
		303520591C88EB3500436351 /* Sources */ = {
			isa = PBXSourcesBuildPhase;
			buildActionMask = 2147483647;
			files = (
				3035210F1C88EF6A00436351 /* PickerViewController.swift in Sources */,
				99364A2E1DB66C1400CD0864 /* UIViewController+SegueCoordinator.swift in Sources */,
				3035210B1C88EF6A00436351 /* CollectionViewController.swift in Sources */,
				99E247CD1CE749F2006726BA /* DynamicSizeTableHeaderView.swift in Sources */,
				99CDAD681CFC7C710090960D /* UIButton.swift in Sources */,
				99E247CB1CE749E5006726BA /* DynamicSizeTableSuplementaryView.swift in Sources */,
				99402A541D09609600412ED5 /* UIImage.swift in Sources */,
				E6E71C031F0A8B02000980C5 /* CLLocation+CGImagePropertyGPS.swift in Sources */,
				3035210D1C88EF6A00436351 /* NavigationController.swift in Sources */,
				303521131C88EF6A00436351 /* BlockAnimator.swift in Sources */,
				303521281C88F00D00436351 /* UIViewController+Container.swift in Sources */,
				99364A2C1DB66BB400CD0864 /* SegueCoordinator.swift in Sources */,
				303520F81C88EF2800436351 /* BadgeLabel.swift in Sources */,
				303520FA1C88EF2800436351 /* ExtendedHitView.swift in Sources */,
				99B3FAD21D9ABE9100D96199 /* MFMailComposeViewController+CompletionHandler.swift in Sources */,
				303521161C88EF6A00436351 /* UINavigationControllerReplaceAllSegue.swift in Sources */,
				99D76D061E8A47A70077CDDE /* UIViewController+SegueCoordinator.m in Sources */,
				E6E71C0B1F0A9658000980C5 /* PHPhotoLibrary+Save.swift in Sources */,
				303520F61C88EF2800436351 /* TextView.swift in Sources */,
				303521151C88EF6A00436351 /* UIViewTransitionAnimator.swift in Sources */,
				303521121C88EF6A00436351 /* ViewController.swift in Sources */,
				3035210C1C88EF6A00436351 /* DynamicTableViewController.swift in Sources */,
				303521141C88EF6A00436351 /* UINavigationControllerPerspectiveAnimator.swift in Sources */,
				303521171C88EF6A00436351 /* UINavigationControllerReplaceLastSegue.swift in Sources */,
				99CDAC9F1CFC30750090960D /* UIControl+Action.swift in Sources */,
				E6E71C081F0A90A0000980C5 /* UIImagePickerController+Media.swift in Sources */,
				E6E71BF31F0A7CDA000980C5 /* MHAppKit.swift in Sources */,
				99402A681D0AE99300412ED5 /* UIColor.swift in Sources */,
				303521301C88F00D00436351 /* UILabel.swift in Sources */,
				99387BD71DFAB7BB008F5FDB /* Timer+Closures.swift in Sources */,
				3035212B1C88F00D00436351 /* UIViewController.swift in Sources */,
				E6E71C061F0A8EA6000980C5 /* PHAsset+Metadata.swift in Sources */,
				303521291C88F00D00436351 /* UIViewController+Lookup.swift in Sources */,
				303521111C88EF6A00436351 /* StaticTableViewController.swift in Sources */,
				3035210E1C88EF6A00436351 /* PageViewController.swift in Sources */,
				99E247CF1CE749FD006726BA /* DynamicSizeTableFooterView.swift in Sources */,
				E6DC21191EFBEDDE008D182A /* ShowHideAnimator.swift in Sources */,
				3035212A1C88F00D00436351 /* UIViewController+UIAlertController.swift in Sources */,
				3035212D1C88F00D00436351 /* UIWindow+Background.swift in Sources */,
				99CDAD6A1CFC7C810090960D /* UIBarButtonItem+Action.swift in Sources */,
				3035212C1C88F00D00436351 /* UINavigationController+Background.swift in Sources */,
				E6E71BF51F0A7D52000980C5 /* UIImage+Data.swift in Sources */,
				303520F91C88EF2800436351 /* Label.swift in Sources */,
				303520F71C88EF2800436351 /* TableViewCell.swift in Sources */,
				E6E71BF81F0A7D9A000980C5 /* UIImagePickerController+MediaInfo.swift in Sources */,
				3035212E1C88F00D00436351 /* NSError+Presentation.swift in Sources */,
			);
			runOnlyForDeploymentPostprocessing = 0;
		};
		303520B41C88EDCC00436351 /* Sources */ = {
			isa = PBXSourcesBuildPhase;
			buildActionMask = 2147483647;
			files = (
				9989F82B1CF71F7300B4EDC5 /* XCTestExtensions.swift in Sources */,
				303520BB1C88EDCC00436351 /* MHAppKitTests.swift in Sources */,
				99364A301DB670A500CD0864 /* SegueCoordinatorTests.swift in Sources */,
				99402A6A1D0AEA5700412ED5 /* UIColorTests.swift in Sources */,
			);
			runOnlyForDeploymentPostprocessing = 0;
		};
		9912AA861D81E60D00DE25FC /* Sources */ = {
			isa = PBXSourcesBuildPhase;
			buildActionMask = 2147483647;
			files = (
				99B3FAD11D9ABD8A00D96199 /* XCTestExtensions.swift in Sources */,
				9912AA8D1D81E60D00DE25FC /* MHAppKitUITests.swift in Sources */,
			);
			runOnlyForDeploymentPostprocessing = 0;
		};
		99CDAD471CFC68070090960D /* Sources */ = {
			isa = PBXSourcesBuildPhase;
			buildActionMask = 2147483647;
			files = (
				99CDAD501CFC68070090960D /* ViewController.swift in Sources */,
				99CDAD4E1CFC68070090960D /* AppDelegate.swift in Sources */,
			);
			runOnlyForDeploymentPostprocessing = 0;
		};
/* End PBXSourcesBuildPhase section */

/* Begin PBXTargetDependency section */
		303520BF1C88EDCC00436351 /* PBXTargetDependency */ = {
			isa = PBXTargetDependency;
			target = 3035205D1C88EB3500436351 /* MHAppKit */;
			targetProxy = 303520BE1C88EDCC00436351 /* PBXContainerItemProxy */;
		};
		9912AA901D81E60D00DE25FC /* PBXTargetDependency */ = {
			isa = PBXTargetDependency;
			target = 99CDAD4A1CFC68070090960D /* MHAppKitTestsHost */;
			targetProxy = 9912AA8F1D81E60D00DE25FC /* PBXContainerItemProxy */;
		};
		9912AA951D81E97900DE25FC /* PBXTargetDependency */ = {
			isa = PBXTargetDependency;
			target = 3035205D1C88EB3500436351 /* MHAppKit */;
			targetProxy = 9912AA941D81E97900DE25FC /* PBXContainerItemProxy */;
		};
		99CDAD5E1CFC68180090960D /* PBXTargetDependency */ = {
			isa = PBXTargetDependency;
			target = 99CDAD4A1CFC68070090960D /* MHAppKitTestsHost */;
			targetProxy = 99CDAD5D1CFC68180090960D /* PBXContainerItemProxy */;
		};
/* End PBXTargetDependency section */

/* Begin PBXVariantGroup section */
		99CDAD511CFC68070090960D /* Main.storyboard */ = {
			isa = PBXVariantGroup;
			children = (
				99CDAD521CFC68070090960D /* Base */,
			);
			name = Main.storyboard;
			sourceTree = "<group>";
		};
		99CDAD561CFC68070090960D /* LaunchScreen.storyboard */ = {
			isa = PBXVariantGroup;
			children = (
				99CDAD571CFC68070090960D /* Base */,
			);
			name = LaunchScreen.storyboard;
			sourceTree = "<group>";
		};
/* End PBXVariantGroup section */

/* Begin XCBuildConfiguration section */
		303520641C88EB3500436351 /* Debug */ = {
			isa = XCBuildConfiguration;
			buildSettings = {
				ALWAYS_SEARCH_USER_PATHS = NO;
				CLANG_CXX_LANGUAGE_STANDARD = "gnu++0x";
				CLANG_CXX_LIBRARY = "libc++";
				CLANG_ENABLE_MODULES = YES;
				CLANG_ENABLE_OBJC_ARC = YES;
				CLANG_WARN_BOOL_CONVERSION = YES;
				CLANG_WARN_CONSTANT_CONVERSION = YES;
				CLANG_WARN_DIRECT_OBJC_ISA_USAGE = YES_ERROR;
				CLANG_WARN_EMPTY_BODY = YES;
				CLANG_WARN_ENUM_CONVERSION = YES;
				CLANG_WARN_INFINITE_RECURSION = YES;
				CLANG_WARN_INT_CONVERSION = YES;
				CLANG_WARN_OBJC_ROOT_CLASS = YES_ERROR;
				CLANG_WARN_SUSPICIOUS_MOVE = YES;
				CLANG_WARN_UNREACHABLE_CODE = YES;
				CLANG_WARN__DUPLICATE_METHOD_MATCH = YES;
				COPY_PHASE_STRIP = NO;
				CURRENT_PROJECT_VERSION = 1;
				DEBUG_INFORMATION_FORMAT = dwarf;
				ENABLE_STRICT_OBJC_MSGSEND = YES;
				ENABLE_TESTABILITY = YES;
				GCC_C_LANGUAGE_STANDARD = gnu99;
				GCC_DYNAMIC_NO_PIC = NO;
				GCC_NO_COMMON_BLOCKS = YES;
				GCC_OPTIMIZATION_LEVEL = 0;
				GCC_PREPROCESSOR_DEFINITIONS = (
					"DEBUG=1",
					"$(inherited)",
				);
				GCC_WARN_64_TO_32_BIT_CONVERSION = YES;
				GCC_WARN_ABOUT_RETURN_TYPE = YES_ERROR;
				GCC_WARN_UNDECLARED_SELECTOR = YES;
				GCC_WARN_UNINITIALIZED_AUTOS = YES_AGGRESSIVE;
				GCC_WARN_UNUSED_FUNCTION = YES;
				GCC_WARN_UNUSED_VARIABLE = YES;
				IPHONEOS_DEPLOYMENT_TARGET = 8.1;
				MTL_ENABLE_DEBUG_INFO = YES;
				ONLY_ACTIVE_ARCH = YES;
				SDKROOT = iphoneos;
				SWIFT_OPTIMIZATION_LEVEL = "-Onone";
				TARGETED_DEVICE_FAMILY = "1,2";
				VERSIONING_SYSTEM = "apple-generic";
				VERSION_INFO_PREFIX = "";
			};
			name = Debug;
		};
		303520651C88EB3500436351 /* Release */ = {
			isa = XCBuildConfiguration;
			buildSettings = {
				ALWAYS_SEARCH_USER_PATHS = NO;
				CLANG_CXX_LANGUAGE_STANDARD = "gnu++0x";
				CLANG_CXX_LIBRARY = "libc++";
				CLANG_ENABLE_MODULES = YES;
				CLANG_ENABLE_OBJC_ARC = YES;
				CLANG_WARN_BOOL_CONVERSION = YES;
				CLANG_WARN_CONSTANT_CONVERSION = YES;
				CLANG_WARN_DIRECT_OBJC_ISA_USAGE = YES_ERROR;
				CLANG_WARN_EMPTY_BODY = YES;
				CLANG_WARN_ENUM_CONVERSION = YES;
				CLANG_WARN_INFINITE_RECURSION = YES;
				CLANG_WARN_INT_CONVERSION = YES;
				CLANG_WARN_OBJC_ROOT_CLASS = YES_ERROR;
				CLANG_WARN_SUSPICIOUS_MOVE = YES;
				CLANG_WARN_UNREACHABLE_CODE = YES;
				CLANG_WARN__DUPLICATE_METHOD_MATCH = YES;
				COPY_PHASE_STRIP = NO;
				CURRENT_PROJECT_VERSION = 1;
				DEBUG_INFORMATION_FORMAT = "dwarf-with-dsym";
				ENABLE_NS_ASSERTIONS = NO;
				ENABLE_STRICT_OBJC_MSGSEND = YES;
				GCC_C_LANGUAGE_STANDARD = gnu99;
				GCC_NO_COMMON_BLOCKS = YES;
				GCC_WARN_64_TO_32_BIT_CONVERSION = YES;
				GCC_WARN_ABOUT_RETURN_TYPE = YES_ERROR;
				GCC_WARN_UNDECLARED_SELECTOR = YES;
				GCC_WARN_UNINITIALIZED_AUTOS = YES_AGGRESSIVE;
				GCC_WARN_UNUSED_FUNCTION = YES;
				GCC_WARN_UNUSED_VARIABLE = YES;
				IPHONEOS_DEPLOYMENT_TARGET = 8.1;
				MTL_ENABLE_DEBUG_INFO = NO;
				SDKROOT = iphoneos;
				SWIFT_OPTIMIZATION_LEVEL = "-Owholemodule";
				TARGETED_DEVICE_FAMILY = "1,2";
				VALIDATE_PRODUCT = YES;
				VERSIONING_SYSTEM = "apple-generic";
				VERSION_INFO_PREFIX = "";
			};
			name = Release;
		};
		303520671C88EB3500436351 /* Debug */ = {
			isa = XCBuildConfiguration;
			buildSettings = {
				CLANG_ENABLE_MODULES = YES;
				DEFINES_MODULE = YES;
				DYLIB_COMPATIBILITY_VERSION = 1;
				DYLIB_CURRENT_VERSION = 1;
				DYLIB_INSTALL_NAME_BASE = "@rpath";
				INFOPLIST_FILE = MHAppKit/Info.plist;
				INSTALL_PATH = "$(LOCAL_LIBRARY_DIR)/Frameworks";
				LD_RUNPATH_SEARCH_PATHS = "$(inherited) @executable_path/Frameworks @loader_path/Frameworks";
				PRODUCT_BUNDLE_IDENTIFIER = com.KoCMoHaBTa.MHAppKit;
				PRODUCT_NAME = "$(TARGET_NAME)";
				SKIP_INSTALL = YES;
				SWIFT_OPTIMIZATION_LEVEL = "-Onone";
				SWIFT_VERSION = 3.0;
			};
			name = Debug;
		};
		303520681C88EB3500436351 /* Release */ = {
			isa = XCBuildConfiguration;
			buildSettings = {
				CLANG_ENABLE_MODULES = YES;
				DEFINES_MODULE = YES;
				DYLIB_COMPATIBILITY_VERSION = 1;
				DYLIB_CURRENT_VERSION = 1;
				DYLIB_INSTALL_NAME_BASE = "@rpath";
				INFOPLIST_FILE = MHAppKit/Info.plist;
				INSTALL_PATH = "$(LOCAL_LIBRARY_DIR)/Frameworks";
				LD_RUNPATH_SEARCH_PATHS = "$(inherited) @executable_path/Frameworks @loader_path/Frameworks";
				PRODUCT_BUNDLE_IDENTIFIER = com.KoCMoHaBTa.MHAppKit;
				PRODUCT_NAME = "$(TARGET_NAME)";
				SKIP_INSTALL = YES;
				SWIFT_VERSION = 3.0;
			};
			name = Release;
		};
		303520C11C88EDCC00436351 /* Debug */ = {
			isa = XCBuildConfiguration;
			buildSettings = {
				BUNDLE_LOADER = "$(TEST_HOST)";
				CLANG_ENABLE_MODULES = YES;
				INFOPLIST_FILE = MHAppKitTests/Info.plist;
				IPHONEOS_DEPLOYMENT_TARGET = 9.2;
				LD_RUNPATH_SEARCH_PATHS = "$(inherited) @executable_path/Frameworks @loader_path/Frameworks";
				PRODUCT_BUNDLE_IDENTIFIER = com.KoCMoHaBTa.MHAppKitTests;
				PRODUCT_NAME = "$(TARGET_NAME)";
				SWIFT_OPTIMIZATION_LEVEL = "-Onone";
				SWIFT_VERSION = 3.0;
				TEST_HOST = "$(BUILT_PRODUCTS_DIR)/MHAppKitTestsHost.app/MHAppKitTestsHost";
			};
			name = Debug;
		};
		303520C21C88EDCC00436351 /* Release */ = {
			isa = XCBuildConfiguration;
			buildSettings = {
				BUNDLE_LOADER = "$(TEST_HOST)";
				CLANG_ENABLE_MODULES = YES;
				INFOPLIST_FILE = MHAppKitTests/Info.plist;
				IPHONEOS_DEPLOYMENT_TARGET = 9.2;
				LD_RUNPATH_SEARCH_PATHS = "$(inherited) @executable_path/Frameworks @loader_path/Frameworks";
				PRODUCT_BUNDLE_IDENTIFIER = com.KoCMoHaBTa.MHAppKitTests;
				PRODUCT_NAME = "$(TARGET_NAME)";
				SWIFT_VERSION = 3.0;
				TEST_HOST = "$(BUILT_PRODUCTS_DIR)/MHAppKitTestsHost.app/MHAppKitTestsHost";
			};
			name = Release;
		};
		9912AA911D81E60D00DE25FC /* Debug */ = {
			isa = XCBuildConfiguration;
			buildSettings = {
				CLANG_ANALYZER_NONNULL = YES;
				CLANG_WARN_DOCUMENTATION_COMMENTS = YES;
				CLANG_WARN_INFINITE_RECURSION = YES;
				CLANG_WARN_SUSPICIOUS_MOVES = YES;
				INFOPLIST_FILE = MHAppKitUITests/Info.plist;
				IPHONEOS_DEPLOYMENT_TARGET = 10.0;
				LD_RUNPATH_SEARCH_PATHS = "$(inherited) @executable_path/Frameworks @loader_path/Frameworks";
				PRODUCT_BUNDLE_IDENTIFIER = com.KoCMoHaBTa.MHAppKitUITests;
				PRODUCT_NAME = "$(TARGET_NAME)";
				SWIFT_ACTIVE_COMPILATION_CONDITIONS = DEBUG;
				SWIFT_VERSION = 3.0;
				TEST_TARGET_NAME = MHAppKitTestsHost;
			};
			name = Debug;
		};
		9912AA921D81E60D00DE25FC /* Release */ = {
			isa = XCBuildConfiguration;
			buildSettings = {
				CLANG_ANALYZER_NONNULL = YES;
				CLANG_WARN_DOCUMENTATION_COMMENTS = YES;
				CLANG_WARN_INFINITE_RECURSION = YES;
				CLANG_WARN_SUSPICIOUS_MOVES = YES;
				INFOPLIST_FILE = MHAppKitUITests/Info.plist;
				IPHONEOS_DEPLOYMENT_TARGET = 10.0;
				LD_RUNPATH_SEARCH_PATHS = "$(inherited) @executable_path/Frameworks @loader_path/Frameworks";
				PRODUCT_BUNDLE_IDENTIFIER = com.KoCMoHaBTa.MHAppKitUITests;
				PRODUCT_NAME = "$(TARGET_NAME)";
				SWIFT_OPTIMIZATION_LEVEL = "-Owholemodule";
				SWIFT_VERSION = 3.0;
				TEST_TARGET_NAME = MHAppKitTestsHost;
			};
			name = Release;
		};
		99CDAD5A1CFC68070090960D /* Debug */ = {
			isa = XCBuildConfiguration;
			buildSettings = {
				ALWAYS_EMBED_SWIFT_STANDARD_LIBRARIES = YES;
				ASSETCATALOG_COMPILER_APPICON_NAME = AppIcon;
				CLANG_ANALYZER_NONNULL = YES;
				"CODE_SIGN_IDENTITY[sdk=iphoneos*]" = "iPhone Developer";
				DEVELOPMENT_TEAM = JUQE3HH2DR;
				INFOPLIST_FILE = MHAppKitTestsHost/Info.plist;
				IPHONEOS_DEPLOYMENT_TARGET = 8.1;
				LD_RUNPATH_SEARCH_PATHS = "$(inherited) @executable_path/Frameworks";
				PRODUCT_BUNDLE_IDENTIFIER = com.KoCMoHaBTa.MHAppKitTestsHost;
				PRODUCT_NAME = "$(TARGET_NAME)";
				PROVISIONING_PROFILE_SPECIFIER = "";
				SWIFT_VERSION = 3.0;
			};
			name = Debug;
		};
		99CDAD5B1CFC68070090960D /* Release */ = {
			isa = XCBuildConfiguration;
			buildSettings = {
				ALWAYS_EMBED_SWIFT_STANDARD_LIBRARIES = YES;
				ASSETCATALOG_COMPILER_APPICON_NAME = AppIcon;
				CLANG_ANALYZER_NONNULL = YES;
				"CODE_SIGN_IDENTITY[sdk=iphoneos*]" = "iPhone Developer";
				DEVELOPMENT_TEAM = JUQE3HH2DR;
				INFOPLIST_FILE = MHAppKitTestsHost/Info.plist;
				IPHONEOS_DEPLOYMENT_TARGET = 8.1;
				LD_RUNPATH_SEARCH_PATHS = "$(inherited) @executable_path/Frameworks";
				PRODUCT_BUNDLE_IDENTIFIER = com.KoCMoHaBTa.MHAppKitTestsHost;
				PRODUCT_NAME = "$(TARGET_NAME)";
				PROVISIONING_PROFILE_SPECIFIER = "";
				SWIFT_VERSION = 3.0;
			};
			name = Release;
		};
/* End XCBuildConfiguration section */

/* Begin XCConfigurationList section */
		303520581C88EB3500436351 /* Build configuration list for PBXProject "MHAppKit" */ = {
			isa = XCConfigurationList;
			buildConfigurations = (
				303520641C88EB3500436351 /* Debug */,
				303520651C88EB3500436351 /* Release */,
			);
			defaultConfigurationIsVisible = 0;
			defaultConfigurationName = Release;
		};
		303520661C88EB3500436351 /* Build configuration list for PBXNativeTarget "MHAppKit" */ = {
			isa = XCConfigurationList;
			buildConfigurations = (
				303520671C88EB3500436351 /* Debug */,
				303520681C88EB3500436351 /* Release */,
			);
			defaultConfigurationIsVisible = 0;
			defaultConfigurationName = Release;
		};
		303520C01C88EDCC00436351 /* Build configuration list for PBXNativeTarget "MHAppKitTests" */ = {
			isa = XCConfigurationList;
			buildConfigurations = (
				303520C11C88EDCC00436351 /* Debug */,
				303520C21C88EDCC00436351 /* Release */,
			);
			defaultConfigurationIsVisible = 0;
			defaultConfigurationName = Release;
		};
		9912AA931D81E60D00DE25FC /* Build configuration list for PBXNativeTarget "MHAppKitUITests" */ = {
			isa = XCConfigurationList;
			buildConfigurations = (
				9912AA911D81E60D00DE25FC /* Debug */,
				9912AA921D81E60D00DE25FC /* Release */,
			);
			defaultConfigurationIsVisible = 0;
			defaultConfigurationName = Release;
		};
		99CDAD5C1CFC68070090960D /* Build configuration list for PBXNativeTarget "MHAppKitTestsHost" */ = {
			isa = XCConfigurationList;
			buildConfigurations = (
				99CDAD5A1CFC68070090960D /* Debug */,
				99CDAD5B1CFC68070090960D /* Release */,
			);
			defaultConfigurationIsVisible = 0;
			defaultConfigurationName = Release;
		};
/* End XCConfigurationList section */
	};
	rootObject = 303520551C88EB3500436351 /* Project object */;
}
